// !$*UTF8*$!
{
	archiveVersion = 1;
	classes = {
	};
	objectVersion = 46;
	objects = {

/* Begin PBXBuildFile section */
		FDC6B3BD1E0068A100250AD5 /* main.m in Sources */ = {isa = PBXBuildFile; fileRef = FDC6B3BC1E0068A100250AD5 /* main.m */; };
		FDC6B3C81E0068A100250AD5 /* Assets.xcassets in Resources */ = {isa = PBXBuildFile; fileRef = FDC6B3C71E0068A100250AD5 /* Assets.xcassets */; };
		FDC6B3CB1E0068A100250AD5 /* LaunchScreen.storyboard in Resources */ = {isa = PBXBuildFile; fileRef = FDC6B3C91E0068A100250AD5 /* LaunchScreen.storyboard */; };
		FDC6B3E41E0069B400250AD5 /* AppDelegate.m in Sources */ = {isa = PBXBuildFile; fileRef = FDC6B3DF1E0069B400250AD5 /* AppDelegate.m */; };
		FDC6B3E81E007A6300250AD5 /* BLNavigationController.m in Sources */ = {isa = PBXBuildFile; fileRef = FDC6B3E71E007A6300250AD5 /* BLNavigationController.m */; };
		FDC6B3EB1E007A7A00250AD5 /* BLMainTabBarController.m in Sources */ = {isa = PBXBuildFile; fileRef = FDC6B3EA1E007A7A00250AD5 /* BLMainTabBarController.m */; };
		FDC6B3F41E007B3800250AD5 /* BLHomeViewController.m in Sources */ = {isa = PBXBuildFile; fileRef = FDC6B3F31E007B3800250AD5 /* BLHomeViewController.m */; };
		FDC6B3F71E007B4100250AD5 /* BLExploreViewController.m in Sources */ = {isa = PBXBuildFile; fileRef = FDC6B3F61E007B4100250AD5 /* BLExploreViewController.m */; };
		FDC6B3FA1E007B5400250AD5 /* BLProfileTableViewController.m in Sources */ = {isa = PBXBuildFile; fileRef = FDC6B3F91E007B5400250AD5 /* BLProfileTableViewController.m */; };
		FDC6B3FE1E00835900250AD5 /* UIView+BLExtension.m in Sources */ = {isa = PBXBuildFile; fileRef = FDC6B3FD1E00835900250AD5 /* UIView+BLExtension.m */; };
		FDC6B4011E008BE800250AD5 /* BLFlowViewController.m in Sources */ = {isa = PBXBuildFile; fileRef = FDC6B4001E008BE800250AD5 /* BLFlowViewController.m */; };
		FDC6B4041E00977E00250AD5 /* UIBarButtonItem+BLExtension.m in Sources */ = {isa = PBXBuildFile; fileRef = FDC6B4031E00977E00250AD5 /* UIBarButtonItem+BLExtension.m */; };
		FDC6B4071E00A1F000250AD5 /* BLGridViewController.m in Sources */ = {isa = PBXBuildFile; fileRef = FDC6B4061E00A1F000250AD5 /* BLGridViewController.m */; };
		FDC6B40A1E00C31000250AD5 /* BLWaterFlowLayout.m in Sources */ = {isa = PBXBuildFile; fileRef = FDC6B4091E00C31000250AD5 /* BLWaterFlowLayout.m */; };
		FDC6B40E1E00C80C00250AD5 /* BLFlowCollectionViewCell.m in Sources */ = {isa = PBXBuildFile; fileRef = FDC6B40C1E00C80C00250AD5 /* BLFlowCollectionViewCell.m */; };
		FDC6B40F1E00C80C00250AD5 /* BLFlowCollectionViewCell.xib in Resources */ = {isa = PBXBuildFile; fileRef = FDC6B40D1E00C80C00250AD5 /* BLFlowCollectionViewCell.xib */; };
/* End PBXBuildFile section */

/* Begin PBXFileReference section */
		FDC6B3B81E0068A100250AD5 /* WeShot.app */ = {isa = PBXFileReference; explicitFileType = wrapper.application; includeInIndex = 0; path = WeShot.app; sourceTree = BUILT_PRODUCTS_DIR; };
		FDC6B3BC1E0068A100250AD5 /* main.m */ = {isa = PBXFileReference; lastKnownFileType = sourcecode.c.objc; path = main.m; sourceTree = "<group>"; };
		FDC6B3C71E0068A100250AD5 /* Assets.xcassets */ = {isa = PBXFileReference; lastKnownFileType = folder.assetcatalog; path = Assets.xcassets; sourceTree = "<group>"; };
		FDC6B3CA1E0068A100250AD5 /* Base */ = {isa = PBXFileReference; lastKnownFileType = file.storyboard; name = Base; path = Base.lproj/LaunchScreen.storyboard; sourceTree = "<group>"; };
		FDC6B3CC1E0068A100250AD5 /* Info.plist */ = {isa = PBXFileReference; lastKnownFileType = text.plist.xml; path = Info.plist; sourceTree = "<group>"; };
		FDC6B3DE1E0069B400250AD5 /* AppDelegate.h */ = {isa = PBXFileReference; fileEncoding = 4; lastKnownFileType = sourcecode.c.h; path = AppDelegate.h; sourceTree = "<group>"; };
		FDC6B3DF1E0069B400250AD5 /* AppDelegate.m */ = {isa = PBXFileReference; fileEncoding = 4; lastKnownFileType = sourcecode.c.objc; path = AppDelegate.m; sourceTree = "<group>"; };
		FDC6B3E61E007A6300250AD5 /* BLNavigationController.h */ = {isa = PBXFileReference; fileEncoding = 4; lastKnownFileType = sourcecode.c.h; path = BLNavigationController.h; sourceTree = "<group>"; };
		FDC6B3E71E007A6300250AD5 /* BLNavigationController.m */ = {isa = PBXFileReference; fileEncoding = 4; lastKnownFileType = sourcecode.c.objc; path = BLNavigationController.m; sourceTree = "<group>"; };
		FDC6B3E91E007A7A00250AD5 /* BLMainTabBarController.h */ = {isa = PBXFileReference; fileEncoding = 4; lastKnownFileType = sourcecode.c.h; path = BLMainTabBarController.h; sourceTree = "<group>"; };
		FDC6B3EA1E007A7A00250AD5 /* BLMainTabBarController.m */ = {isa = PBXFileReference; fileEncoding = 4; lastKnownFileType = sourcecode.c.objc; path = BLMainTabBarController.m; sourceTree = "<group>"; };
		FDC6B3F21E007B3800250AD5 /* BLHomeViewController.h */ = {isa = PBXFileReference; fileEncoding = 4; lastKnownFileType = sourcecode.c.h; path = BLHomeViewController.h; sourceTree = "<group>"; };
		FDC6B3F31E007B3800250AD5 /* BLHomeViewController.m */ = {isa = PBXFileReference; fileEncoding = 4; lastKnownFileType = sourcecode.c.objc; path = BLHomeViewController.m; sourceTree = "<group>"; };
		FDC6B3F51E007B4100250AD5 /* BLExploreViewController.h */ = {isa = PBXFileReference; fileEncoding = 4; lastKnownFileType = sourcecode.c.h; path = BLExploreViewController.h; sourceTree = "<group>"; };
		FDC6B3F61E007B4100250AD5 /* BLExploreViewController.m */ = {isa = PBXFileReference; fileEncoding = 4; lastKnownFileType = sourcecode.c.objc; path = BLExploreViewController.m; sourceTree = "<group>"; };
		FDC6B3F81E007B5400250AD5 /* BLProfileTableViewController.h */ = {isa = PBXFileReference; fileEncoding = 4; lastKnownFileType = sourcecode.c.h; path = BLProfileTableViewController.h; sourceTree = "<group>"; };
		FDC6B3F91E007B5400250AD5 /* BLProfileTableViewController.m */ = {isa = PBXFileReference; fileEncoding = 4; lastKnownFileType = sourcecode.c.objc; path = BLProfileTableViewController.m; sourceTree = "<group>"; };
		FDC6B3FB1E007F9700250AD5 /* PrefixHeader.pch */ = {isa = PBXFileReference; lastKnownFileType = sourcecode.c.h; path = PrefixHeader.pch; sourceTree = "<group>"; };
		FDC6B3FC1E00835900250AD5 /* UIView+BLExtension.h */ = {isa = PBXFileReference; fileEncoding = 4; lastKnownFileType = sourcecode.c.h; path = "UIView+BLExtension.h"; sourceTree = "<group>"; };
		FDC6B3FD1E00835900250AD5 /* UIView+BLExtension.m */ = {isa = PBXFileReference; fileEncoding = 4; lastKnownFileType = sourcecode.c.objc; path = "UIView+BLExtension.m"; sourceTree = "<group>"; };
		FDC6B3FF1E008BE800250AD5 /* BLFlowViewController.h */ = {isa = PBXFileReference; fileEncoding = 4; lastKnownFileType = sourcecode.c.h; path = BLFlowViewController.h; sourceTree = "<group>"; };
		FDC6B4001E008BE800250AD5 /* BLFlowViewController.m */ = {isa = PBXFileReference; fileEncoding = 4; lastKnownFileType = sourcecode.c.objc; path = BLFlowViewController.m; sourceTree = "<group>"; };
		FDC6B4021E00977E00250AD5 /* UIBarButtonItem+BLExtension.h */ = {isa = PBXFileReference; fileEncoding = 4; lastKnownFileType = sourcecode.c.h; path = "UIBarButtonItem+BLExtension.h"; sourceTree = "<group>"; };
		FDC6B4031E00977E00250AD5 /* UIBarButtonItem+BLExtension.m */ = {isa = PBXFileReference; fileEncoding = 4; lastKnownFileType = sourcecode.c.objc; path = "UIBarButtonItem+BLExtension.m"; sourceTree = "<group>"; };
		FDC6B4051E00A1F000250AD5 /* BLGridViewController.h */ = {isa = PBXFileReference; fileEncoding = 4; lastKnownFileType = sourcecode.c.h; path = BLGridViewController.h; sourceTree = "<group>"; };
		FDC6B4061E00A1F000250AD5 /* BLGridViewController.m */ = {isa = PBXFileReference; fileEncoding = 4; lastKnownFileType = sourcecode.c.objc; path = BLGridViewController.m; sourceTree = "<group>"; };
		FDC6B4081E00C31000250AD5 /* BLWaterFlowLayout.h */ = {isa = PBXFileReference; fileEncoding = 4; lastKnownFileType = sourcecode.c.h; path = BLWaterFlowLayout.h; sourceTree = "<group>"; };
		FDC6B4091E00C31000250AD5 /* BLWaterFlowLayout.m */ = {isa = PBXFileReference; fileEncoding = 4; lastKnownFileType = sourcecode.c.objc; path = BLWaterFlowLayout.m; sourceTree = "<group>"; };
		FDC6B40B1E00C80C00250AD5 /* BLFlowCollectionViewCell.h */ = {isa = PBXFileReference; fileEncoding = 4; lastKnownFileType = sourcecode.c.h; path = BLFlowCollectionViewCell.h; sourceTree = "<group>"; };
		FDC6B40C1E00C80C00250AD5 /* BLFlowCollectionViewCell.m */ = {isa = PBXFileReference; fileEncoding = 4; lastKnownFileType = sourcecode.c.objc; path = BLFlowCollectionViewCell.m; sourceTree = "<group>"; };
		FDC6B40D1E00C80C00250AD5 /* BLFlowCollectionViewCell.xib */ = {isa = PBXFileReference; fileEncoding = 4; lastKnownFileType = file.xib; path = BLFlowCollectionViewCell.xib; sourceTree = "<group>"; };
/* End PBXFileReference section */

/* Begin PBXFrameworksBuildPhase section */
		FDC6B3B51E0068A100250AD5 /* Frameworks */ = {
			isa = PBXFrameworksBuildPhase;
			buildActionMask = 2147483647;
			files = (
			);
			runOnlyForDeploymentPostprocessing = 0;
		};
/* End PBXFrameworksBuildPhase section */

/* Begin PBXGroup section */
		FDC6B3AF1E0068A100250AD5 = {
			isa = PBXGroup;
			children = (
				FDC6B3BA1E0068A100250AD5 /* WeShot */,
				FDC6B3B91E0068A100250AD5 /* Products */,
			);
			sourceTree = "<group>";
		};
		FDC6B3B91E0068A100250AD5 /* Products */ = {
			isa = PBXGroup;
			children = (
				FDC6B3B81E0068A100250AD5 /* WeShot.app */,
			);
			name = Products;
			sourceTree = "<group>";
		};
		FDC6B3BA1E0068A100250AD5 /* WeShot */ = {
			isa = PBXGroup;
			children = (
				FDC6B3D21E0069B400250AD5 /* Classes */,
				FDC6B3C71E0068A100250AD5 /* Assets.xcassets */,
				FDC6B3BB1E0068A100250AD5 /* Supporting Files */,
			);
			path = WeShot;
			sourceTree = "<group>";
		};
		FDC6B3BB1E0068A100250AD5 /* Supporting Files */ = {
			isa = PBXGroup;
			children = (
				FDC6B3C91E0068A100250AD5 /* LaunchScreen.storyboard */,
				FDC6B3CC1E0068A100250AD5 /* Info.plist */,
				FDC6B3BC1E0068A100250AD5 /* main.m */,
			);
			name = "Supporting Files";
			sourceTree = "<group>";
		};
		FDC6B3D21E0069B400250AD5 /* Classes */ = {
			isa = PBXGroup;
			children = (
				FDC6B3DC1E0069B400250AD5 /* Main */,
				FDC6B3D81E0069B400250AD5 /* Home */,
				FDC6B3D31E0069B400250AD5 /* Explore */,
				FDC6B3E01E0069B400250AD5 /* Profile */,
				FDC6B3DD1E0069B400250AD5 /* Others */,
			);
			path = Classes;
			sourceTree = "<group>";
		};
		FDC6B3D31E0069B400250AD5 /* Explore */ = {
			isa = PBXGroup;
			children = (
				FDC6B3D41E0069B400250AD5 /* Controller */,
				FDC6B3D51E0069B400250AD5 /* Model */,
				FDC6B3D61E0069B400250AD5 /* View */,
			);
			path = Explore;
			sourceTree = "<group>";
		};
		FDC6B3D41E0069B400250AD5 /* Controller */ = {
			isa = PBXGroup;
			children = (
				FDC6B3F51E007B4100250AD5 /* BLExploreViewController.h */,
				FDC6B3F61E007B4100250AD5 /* BLExploreViewController.m */,
				FDC6B4051E00A1F000250AD5 /* BLGridViewController.h */,
				FDC6B4061E00A1F000250AD5 /* BLGridViewController.m */,
			);
			path = Controller;
			sourceTree = "<group>";
		};
		FDC6B3D51E0069B400250AD5 /* Model */ = {
			isa = PBXGroup;
			children = (
			);
			path = Model;
			sourceTree = "<group>";
		};
		FDC6B3D61E0069B400250AD5 /* View */ = {
			isa = PBXGroup;
			children = (
			);
			path = View;
			sourceTree = "<group>";
		};
		FDC6B3D81E0069B400250AD5 /* Home */ = {
			isa = PBXGroup;
			children = (
				FDC6B3D91E0069B400250AD5 /* Controller */,
				FDC6B3DA1E0069B400250AD5 /* Model */,
				FDC6B3DB1E0069B400250AD5 /* View */,
			);
			path = Home;
			sourceTree = "<group>";
		};
		FDC6B3D91E0069B400250AD5 /* Controller */ = {
			isa = PBXGroup;
			children = (
				FDC6B3F21E007B3800250AD5 /* BLHomeViewController.h */,
				FDC6B3F31E007B3800250AD5 /* BLHomeViewController.m */,
				FDC6B3FF1E008BE800250AD5 /* BLFlowViewController.h */,
				FDC6B4001E008BE800250AD5 /* BLFlowViewController.m */,
			);
			path = Controller;
			sourceTree = "<group>";
		};
		FDC6B3DA1E0069B400250AD5 /* Model */ = {
			isa = PBXGroup;
			children = (
			);
			path = Model;
			sourceTree = "<group>";
		};
		FDC6B3DB1E0069B400250AD5 /* View */ = {
			isa = PBXGroup;
			children = (
				FDC6B4081E00C31000250AD5 /* BLWaterFlowLayout.h */,
				FDC6B4091E00C31000250AD5 /* BLWaterFlowLayout.m */,
				FDC6B40B1E00C80C00250AD5 /* BLFlowCollectionViewCell.h */,
				FDC6B40C1E00C80C00250AD5 /* BLFlowCollectionViewCell.m */,
				FDC6B40D1E00C80C00250AD5 /* BLFlowCollectionViewCell.xib */,
			);
			path = View;
			sourceTree = "<group>";
		};
		FDC6B3DC1E0069B400250AD5 /* Main */ = {
			isa = PBXGroup;
			children = (
				FDC6B3E61E007A6300250AD5 /* BLNavigationController.h */,
				FDC6B3E71E007A6300250AD5 /* BLNavigationController.m */,
				FDC6B3E91E007A7A00250AD5 /* BLMainTabBarController.h */,
				FDC6B3EA1E007A7A00250AD5 /* BLMainTabBarController.m */,
			);
			path = Main;
			sourceTree = "<group>";
		};
		FDC6B3DD1E0069B400250AD5 /* Others */ = {
			isa = PBXGroup;
			children = (
				FDC6B3E51E006A4200250AD5 /* Category */,
				FDC6B3DE1E0069B400250AD5 /* AppDelegate.h */,
				FDC6B3DF1E0069B400250AD5 /* AppDelegate.m */,
				FDC6B3FB1E007F9700250AD5 /* PrefixHeader.pch */,
			);
			path = Others;
			sourceTree = "<group>";
		};
		FDC6B3E01E0069B400250AD5 /* Profile */ = {
			isa = PBXGroup;
			children = (
				FDC6B3E11E0069B400250AD5 /* Controller */,
				FDC6B3E21E0069B400250AD5 /* Model */,
				FDC6B3E31E0069B400250AD5 /* View */,
			);
			path = Profile;
			sourceTree = "<group>";
		};
		FDC6B3E11E0069B400250AD5 /* Controller */ = {
			isa = PBXGroup;
			children = (
				FDC6B3F81E007B5400250AD5 /* BLProfileTableViewController.h */,
				FDC6B3F91E007B5400250AD5 /* BLProfileTableViewController.m */,
			);
			path = Controller;
			sourceTree = "<group>";
		};
		FDC6B3E21E0069B400250AD5 /* Model */ = {
			isa = PBXGroup;
			children = (
			);
			path = Model;
			sourceTree = "<group>";
		};
		FDC6B3E31E0069B400250AD5 /* View */ = {
			isa = PBXGroup;
			children = (
			);
			path = View;
			sourceTree = "<group>";
		};
		FDC6B3E51E006A4200250AD5 /* Category */ = {
			isa = PBXGroup;
			children = (
				FDC6B3FC1E00835900250AD5 /* UIView+BLExtension.h */,
				FDC6B3FD1E00835900250AD5 /* UIView+BLExtension.m */,
				FDC6B4021E00977E00250AD5 /* UIBarButtonItem+BLExtension.h */,
				FDC6B4031E00977E00250AD5 /* UIBarButtonItem+BLExtension.m */,
			);
			name = Category;
			path = Extension;
			sourceTree = "<group>";
		};
/* End PBXGroup section */

/* Begin PBXNativeTarget section */
		FDC6B3B71E0068A100250AD5 /* WeShot */ = {
			isa = PBXNativeTarget;
			buildConfigurationList = FDC6B3CF1E0068A100250AD5 /* Build configuration list for PBXNativeTarget "WeShot" */;
			buildPhases = (
				FDC6B3B41E0068A100250AD5 /* Sources */,
				FDC6B3B51E0068A100250AD5 /* Frameworks */,
				FDC6B3B61E0068A100250AD5 /* Resources */,
			);
			buildRules = (
			);
			dependencies = (
			);
			name = WeShot;
			productName = WeShot;
			productReference = FDC6B3B81E0068A100250AD5 /* WeShot.app */;
			productType = "com.apple.product-type.application";
		};
/* End PBXNativeTarget section */

/* Begin PBXProject section */
		FDC6B3B01E0068A100250AD5 /* Project object */ = {
			isa = PBXProject;
			attributes = {
				CLASSPREFIX = BL;
				LastUpgradeCheck = 0810;
				ORGANIZATIONNAME = "Bo LI";
				TargetAttributes = {
					FDC6B3B71E0068A100250AD5 = {
						CreatedOnToolsVersion = 8.1;
						DevelopmentTeam = LU2EVD6YHG;
						ProvisioningStyle = Automatic;
					};
				};
			};
			buildConfigurationList = FDC6B3B31E0068A100250AD5 /* Build configuration list for PBXProject "WeShot" */;
			compatibilityVersion = "Xcode 3.2";
			developmentRegion = English;
			hasScannedForEncodings = 0;
			knownRegions = (
				en,
				Base,
			);
			mainGroup = FDC6B3AF1E0068A100250AD5;
			productRefGroup = FDC6B3B91E0068A100250AD5 /* Products */;
			projectDirPath = "";
			projectRoot = "";
			targets = (
				FDC6B3B71E0068A100250AD5 /* WeShot */,
			);
		};
/* End PBXProject section */

/* Begin PBXResourcesBuildPhase section */
		FDC6B3B61E0068A100250AD5 /* Resources */ = {
			isa = PBXResourcesBuildPhase;
			buildActionMask = 2147483647;
			files = (
				FDC6B3CB1E0068A100250AD5 /* LaunchScreen.storyboard in Resources */,
				FDC6B40F1E00C80C00250AD5 /* BLFlowCollectionViewCell.xib in Resources */,
				FDC6B3C81E0068A100250AD5 /* Assets.xcassets in Resources */,
			);
			runOnlyForDeploymentPostprocessing = 0;
		};
/* End PBXResourcesBuildPhase section */

/* Begin PBXSourcesBuildPhase section */
		FDC6B3B41E0068A100250AD5 /* Sources */ = {
			isa = PBXSourcesBuildPhase;
			buildActionMask = 2147483647;
			files = (
				FDC6B4041E00977E00250AD5 /* UIBarButtonItem+BLExtension.m in Sources */,
				FDC6B40A1E00C31000250AD5 /* BLWaterFlowLayout.m in Sources */,
				FDC6B3F71E007B4100250AD5 /* BLExploreViewController.m in Sources */,
				FDC6B3BD1E0068A100250AD5 /* main.m in Sources */,
				FDC6B3F41E007B3800250AD5 /* BLHomeViewController.m in Sources */,
				FDC6B4011E008BE800250AD5 /* BLFlowViewController.m in Sources */,
				FDC6B3EB1E007A7A00250AD5 /* BLMainTabBarController.m in Sources */,
				FDC6B4071E00A1F000250AD5 /* BLGridViewController.m in Sources */,
				FDC6B3E41E0069B400250AD5 /* AppDelegate.m in Sources */,
				FDC6B3E81E007A6300250AD5 /* BLNavigationController.m in Sources */,
				FDC6B3FE1E00835900250AD5 /* UIView+BLExtension.m in Sources */,
				FDC6B3FA1E007B5400250AD5 /* BLProfileTableViewController.m in Sources */,
				FDC6B40E1E00C80C00250AD5 /* BLFlowCollectionViewCell.m in Sources */,
			);
			runOnlyForDeploymentPostprocessing = 0;
		};
/* End PBXSourcesBuildPhase section */

/* Begin PBXVariantGroup section */
		FDC6B3C91E0068A100250AD5 /* LaunchScreen.storyboard */ = {
			isa = PBXVariantGroup;
			children = (
				FDC6B3CA1E0068A100250AD5 /* Base */,
			);
			name = LaunchScreen.storyboard;
			sourceTree = "<group>";
		};
/* End PBXVariantGroup section */

/* Begin XCBuildConfiguration section */
		FDC6B3CD1E0068A100250AD5 /* Debug */ = {
			isa = XCBuildConfiguration;
			buildSettings = {
				ALWAYS_SEARCH_USER_PATHS = NO;
				CLANG_ANALYZER_NONNULL = YES;
				CLANG_CXX_LANGUAGE_STANDARD = "gnu++0x";
				CLANG_CXX_LIBRARY = "libc++";
				CLANG_ENABLE_MODULES = YES;
				CLANG_ENABLE_OBJC_ARC = YES;
				CLANG_WARN_BOOL_CONVERSION = YES;
				CLANG_WARN_CONSTANT_CONVERSION = YES;
				CLANG_WARN_DIRECT_OBJC_ISA_USAGE = YES_ERROR;
				CLANG_WARN_DOCUMENTATION_COMMENTS = YES;
				CLANG_WARN_EMPTY_BODY = YES;
				CLANG_WARN_ENUM_CONVERSION = YES;
				CLANG_WARN_INFINITE_RECURSION = YES;
				CLANG_WARN_INT_CONVERSION = YES;
				CLANG_WARN_OBJC_ROOT_CLASS = YES_ERROR;
				CLANG_WARN_SUSPICIOUS_MOVES = YES;
				CLANG_WARN_UNREACHABLE_CODE = YES;
				CLANG_WARN__DUPLICATE_METHOD_MATCH = YES;
				"CODE_SIGN_IDENTITY[sdk=iphoneos*]" = "iPhone Developer";
				COPY_PHASE_STRIP = NO;
				DEBUG_INFORMATION_FORMAT = dwarf;
				ENABLE_STRICT_OBJC_MSGSEND = YES;
				ENABLE_TESTABILITY = YES;
				GCC_C_LANGUAGE_STANDARD = gnu99;
				GCC_DYNAMIC_NO_PIC = NO;
				GCC_NO_COMMON_BLOCKS = YES;
				GCC_OPTIMIZATION_LEVEL = 0;
				GCC_PREPROCESSOR_DEFINITIONS = (
					"DEBUG=1",
					"$(inherited)",
				);
				GCC_WARN_64_TO_32_BIT_CONVERSION = YES;
				GCC_WARN_ABOUT_RETURN_TYPE = YES_ERROR;
				GCC_WARN_UNDECLARED_SELECTOR = YES;
				GCC_WARN_UNINITIALIZED_AUTOS = YES_AGGRESSIVE;
				GCC_WARN_UNUSED_FUNCTION = YES;
				GCC_WARN_UNUSED_VARIABLE = YES;
				IPHONEOS_DEPLOYMENT_TARGET = 10.1;
				MTL_ENABLE_DEBUG_INFO = YES;
				ONLY_ACTIVE_ARCH = YES;
				SDKROOT = iphoneos;
				TARGETED_DEVICE_FAMILY = "1,2";
			};
			name = Debug;
		};
		FDC6B3CE1E0068A100250AD5 /* Release */ = {
			isa = XCBuildConfiguration;
			buildSettings = {
				ALWAYS_SEARCH_USER_PATHS = NO;
				CLANG_ANALYZER_NONNULL = YES;
				CLANG_CXX_LANGUAGE_STANDARD = "gnu++0x";
				CLANG_CXX_LIBRARY = "libc++";
				CLANG_ENABLE_MODULES = YES;
				CLANG_ENABLE_OBJC_ARC = YES;
				CLANG_WARN_BOOL_CONVERSION = YES;
				CLANG_WARN_CONSTANT_CONVERSION = YES;
				CLANG_WARN_DIRECT_OBJC_ISA_USAGE = YES_ERROR;
				CLANG_WARN_DOCUMENTATION_COMMENTS = YES;
				CLANG_WARN_EMPTY_BODY = YES;
				CLANG_WARN_ENUM_CONVERSION = YES;
				CLANG_WARN_INFINITE_RECURSION = YES;
				CLANG_WARN_INT_CONVERSION = YES;
				CLANG_WARN_OBJC_ROOT_CLASS = YES_ERROR;
				CLANG_WARN_SUSPICIOUS_MOVES = YES;
				CLANG_WARN_UNREACHABLE_CODE = YES;
				CLANG_WARN__DUPLICATE_METHOD_MATCH = YES;
				"CODE_SIGN_IDENTITY[sdk=iphoneos*]" = "iPhone Developer";
				COPY_PHASE_STRIP = NO;
				DEBUG_INFORMATION_FORMAT = "dwarf-with-dsym";
				ENABLE_NS_ASSERTIONS = NO;
				ENABLE_STRICT_OBJC_MSGSEND = YES;
				GCC_C_LANGUAGE_STANDARD = gnu99;
				GCC_NO_COMMON_BLOCKS = YES;
				GCC_WARN_64_TO_32_BIT_CONVERSION = YES;
				GCC_WARN_ABOUT_RETURN_TYPE = YES_ERROR;
				GCC_WARN_UNDECLARED_SELECTOR = YES;
				GCC_WARN_UNINITIALIZED_AUTOS = YES_AGGRESSIVE;
				GCC_WARN_UNUSED_FUNCTION = YES;
				GCC_WARN_UNUSED_VARIABLE = YES;
				IPHONEOS_DEPLOYMENT_TARGET = 10.1;
				MTL_ENABLE_DEBUG_INFO = NO;
				SDKROOT = iphoneos;
				TARGETED_DEVICE_FAMILY = "1,2";
				VALIDATE_PRODUCT = YES;
			};
			name = Release;
		};
		FDC6B3D01E0068A100250AD5 /* Debug */ = {
			isa = XCBuildConfiguration;
			buildSettings = {
				ASSETCATALOG_COMPILER_APPICON_NAME = AppIcon;
				DEVELOPMENT_TEAM = LU2EVD6YHG;
				GCC_PRECOMPILE_PREFIX_HEADER = YES;
				GCC_PREFIX_HEADER = WeShot/Classes/Others/PrefixHeader.pch;
				INFOPLIST_FILE = WeShot/Info.plist;
				LD_RUNPATH_SEARCH_PATHS = "$(inherited) @executable_path/Frameworks";
				PRODUCT_BUNDLE_IDENTIFIER = Clemson.WeShot;
				PRODUCT_NAME = "$(TARGET_NAME)";
			};
			name = Debug;
		};
		FDC6B3D11E0068A100250AD5 /* Release */ = {
			isa = XCBuildConfiguration;
			buildSettings = {
				ASSETCATALOG_COMPILER_APPICON_NAME = AppIcon;
				DEVELOPMENT_TEAM = LU2EVD6YHG;
				GCC_PRECOMPILE_PREFIX_HEADER = YES;
				GCC_PREFIX_HEADER = WeShot/Classes/Others/PrefixHeader.pch;
				INFOPLIST_FILE = WeShot/Info.plist;
				LD_RUNPATH_SEARCH_PATHS = "$(inherited) @executable_path/Frameworks";
				PRODUCT_BUNDLE_IDENTIFIER = Clemson.WeShot;
				PRODUCT_NAME = "$(TARGET_NAME)";
			};
			name = Release;
		};
/* End XCBuildConfiguration section */

/* Begin XCConfigurationList section */
		FDC6B3B31E0068A100250AD5 /* Build configuration list for PBXProject "WeShot" */ = {
			isa = XCConfigurationList;
			buildConfigurations = (
				FDC6B3CD1E0068A100250AD5 /* Debug */,
				FDC6B3CE1E0068A100250AD5 /* Release */,
			);
			defaultConfigurationIsVisible = 0;
			defaultConfigurationName = Release;
		};
		FDC6B3CF1E0068A100250AD5 /* Build configuration list for PBXNativeTarget "WeShot" */ = {
			isa = XCConfigurationList;
			buildConfigurations = (
				FDC6B3D01E0068A100250AD5 /* Debug */,
				FDC6B3D11E0068A100250AD5 /* Release */,
			);
			defaultConfigurationIsVisible = 0;
			defaultConfigurationName = Release;
		};
/* End XCConfigurationList section */
	};
	rootObject = FDC6B3B01E0068A100250AD5 /* Project object */;
}
