// !$*UTF8*$!
{
	archiveVersion = 1;
	classes = {
	};
	objectVersion = 46;
	objects = {

/* Begin PBXBuildFile section */
		B262848E60C37598B887D91D /* libPods-WeShot.a in Frameworks */ = {isa = PBXBuildFile; fileRef = 646A427CFF8464476CAEF240 /* libPods-WeShot.a */; };
		FDC6B3BD1E0068A100250AD5 /* main.m in Sources */ = {isa = PBXBuildFile; fileRef = FDC6B3BC1E0068A100250AD5 /* main.m */; };
		FDC6B3C81E0068A100250AD5 /* Assets.xcassets in Resources */ = {isa = PBXBuildFile; fileRef = FDC6B3C71E0068A100250AD5 /* Assets.xcassets */; };
		FDC6B3CB1E0068A100250AD5 /* LaunchScreen.storyboard in Resources */ = {isa = PBXBuildFile; fileRef = FDC6B3C91E0068A100250AD5 /* LaunchScreen.storyboard */; };
		FDC6B3E41E0069B400250AD5 /* AppDelegate.m in Sources */ = {isa = PBXBuildFile; fileRef = FDC6B3DF1E0069B400250AD5 /* AppDelegate.m */; };
		FDC6B3E81E007A6300250AD5 /* BLNavigationController.m in Sources */ = {isa = PBXBuildFile; fileRef = FDC6B3E71E007A6300250AD5 /* BLNavigationController.m */; };
		FDC6B3EB1E007A7A00250AD5 /* BLMainTabBarController.m in Sources */ = {isa = PBXBuildFile; fileRef = FDC6B3EA1E007A7A00250AD5 /* BLMainTabBarController.m */; };
		FDC6B3F41E007B3800250AD5 /* BLHomeViewController.m in Sources */ = {isa = PBXBuildFile; fileRef = FDC6B3F31E007B3800250AD5 /* BLHomeViewController.m */; };
		FDC6B3F71E007B4100250AD5 /* BLExploreViewController.m in Sources */ = {isa = PBXBuildFile; fileRef = FDC6B3F61E007B4100250AD5 /* BLExploreViewController.m */; };
		FDC6B3FE1E00835900250AD5 /* UIView+BLExtension.m in Sources */ = {isa = PBXBuildFile; fileRef = FDC6B3FD1E00835900250AD5 /* UIView+BLExtension.m */; };
		FDC6B4011E008BE800250AD5 /* BLFlowViewController.m in Sources */ = {isa = PBXBuildFile; fileRef = FDC6B4001E008BE800250AD5 /* BLFlowViewController.m */; };
		FDC6B4041E00977E00250AD5 /* UIBarButtonItem+BLExtension.m in Sources */ = {isa = PBXBuildFile; fileRef = FDC6B4031E00977E00250AD5 /* UIBarButtonItem+BLExtension.m */; };
		FDC6B4071E00A1F000250AD5 /* BLGridViewController.m in Sources */ = {isa = PBXBuildFile; fileRef = FDC6B4061E00A1F000250AD5 /* BLGridViewController.m */; };
		FDC6B40A1E00C31000250AD5 /* BLWaterFlowLayout.m in Sources */ = {isa = PBXBuildFile; fileRef = FDC6B4091E00C31000250AD5 /* BLWaterFlowLayout.m */; };
		FDC6B40E1E00C80C00250AD5 /* BLFlowCollectionViewCell.m in Sources */ = {isa = PBXBuildFile; fileRef = FDC6B40C1E00C80C00250AD5 /* BLFlowCollectionViewCell.m */; };
		FDC6B40F1E00C80C00250AD5 /* BLFlowCollectionViewCell.xib in Resources */ = {isa = PBXBuildFile; fileRef = FDC6B40D1E00C80C00250AD5 /* BLFlowCollectionViewCell.xib */; };
		FDC6B4181E00D3F000250AD5 /* BLGridCollectionViewCell.m in Sources */ = {isa = PBXBuildFile; fileRef = FDC6B4161E00D3F000250AD5 /* BLGridCollectionViewCell.m */; };
		FDC6B4191E00D3F000250AD5 /* BLGridCollectionViewCell.xib in Resources */ = {isa = PBXBuildFile; fileRef = FDC6B4171E00D3F000250AD5 /* BLGridCollectionViewCell.xib */; };
		FDC6B41C1E00DC8400250AD5 /* BLProfileViewController.m in Sources */ = {isa = PBXBuildFile; fileRef = FDC6B41B1E00DC8400250AD5 /* BLProfileViewController.m */; };
		FDC6B4201E00F3BE00250AD5 /* BLProfileHeaderCell.m in Sources */ = {isa = PBXBuildFile; fileRef = FDC6B41E1E00F3BE00250AD5 /* BLProfileHeaderCell.m */; };
		FDC6B4211E00F3BE00250AD5 /* BLProfileHeaderCell.xib in Resources */ = {isa = PBXBuildFile; fileRef = FDC6B41F1E00F3BE00250AD5 /* BLProfileHeaderCell.xib */; };
		FDC6B42D1E010D7000250AD5 /* BLCollectionReusableView.m in Sources */ = {isa = PBXBuildFile; fileRef = FDC6B42B1E010D7000250AD5 /* BLCollectionReusableView.m */; };
		FDC6B42E1E010D7000250AD5 /* BLCollectionReusableView.xib in Resources */ = {isa = PBXBuildFile; fileRef = FDC6B42C1E010D7000250AD5 /* BLCollectionReusableView.xib */; };
		FDC6B4321E010F9600250AD5 /* BLProfileShotCell.m in Sources */ = {isa = PBXBuildFile; fileRef = FDC6B4301E010F9600250AD5 /* BLProfileShotCell.m */; };
		FDC6B4331E010F9600250AD5 /* BLProfileShotCell.xib in Resources */ = {isa = PBXBuildFile; fileRef = FDC6B4311E010F9600250AD5 /* BLProfileShotCell.xib */; };
		FDD5306A1E01E18100E0DD8D /* BLDetailContentCell.m in Sources */ = {isa = PBXBuildFile; fileRef = FDD530681E01E18100E0DD8D /* BLDetailContentCell.m */; };
		FDD5306B1E01E18100E0DD8D /* BLDetailContentCell.xib in Resources */ = {isa = PBXBuildFile; fileRef = FDD530691E01E18100E0DD8D /* BLDetailContentCell.xib */; };
		FDD5306F1E01E3B700E0DD8D /* BLDetailCommentCell.m in Sources */ = {isa = PBXBuildFile; fileRef = FDD5306D1E01E3B700E0DD8D /* BLDetailCommentCell.m */; };
		FDD530701E01E3B700E0DD8D /* BLDetailCommentCell.xib in Resources */ = {isa = PBXBuildFile; fileRef = FDD5306E1E01E3B700E0DD8D /* BLDetailCommentCell.xib */; };
		FDD530731E01E4D500E0DD8D /* BLDetailTableViewController.m in Sources */ = {isa = PBXBuildFile; fileRef = FDD530721E01E4D500E0DD8D /* BLDetailTableViewController.m */; };
		FDD5307B1E020C5F00E0DD8D /* BLHttpTool.m in Sources */ = {isa = PBXBuildFile; fileRef = FDD5307A1E020C5F00E0DD8D /* BLHttpTool.m */; };
		FDD530821E0210C400E0DD8D /* BLShotsResult.m in Sources */ = {isa = PBXBuildFile; fileRef = FDD530811E0210C400E0DD8D /* BLShotsResult.m */; };
		FDD530851E02122B00E0DD8D /* BLShotsTool.m in Sources */ = {isa = PBXBuildFile; fileRef = FDD530841E02122B00E0DD8D /* BLShotsTool.m */; };
		FDD5308C1E0233B600E0DD8D /* BLShotsParams.m in Sources */ = {isa = PBXBuildFile; fileRef = FDD5308B1E0233B600E0DD8D /* BLShotsParams.m */; };
/* End PBXBuildFile section */

/* Begin PBXFileReference section */
		646A427CFF8464476CAEF240 /* libPods-WeShot.a */ = {isa = PBXFileReference; explicitFileType = archive.ar; includeInIndex = 0; path = "libPods-WeShot.a"; sourceTree = BUILT_PRODUCTS_DIR; };
		90EE0C64C93ECB5A7CAD8F4A /* Pods-WeShot.release.xcconfig */ = {isa = PBXFileReference; includeInIndex = 1; lastKnownFileType = text.xcconfig; name = "Pods-WeShot.release.xcconfig"; path = "Pods/Target Support Files/Pods-WeShot/Pods-WeShot.release.xcconfig"; sourceTree = "<group>"; };
		AC20ED00F4699213279E0F66 /* Pods-WeShot.debug.xcconfig */ = {isa = PBXFileReference; includeInIndex = 1; lastKnownFileType = text.xcconfig; name = "Pods-WeShot.debug.xcconfig"; path = "Pods/Target Support Files/Pods-WeShot/Pods-WeShot.debug.xcconfig"; sourceTree = "<group>"; };
		FDC6B3B81E0068A100250AD5 /* WeShot.app */ = {isa = PBXFileReference; explicitFileType = wrapper.application; includeInIndex = 0; path = WeShot.app; sourceTree = BUILT_PRODUCTS_DIR; };
		FDC6B3BC1E0068A100250AD5 /* main.m */ = {isa = PBXFileReference; lastKnownFileType = sourcecode.c.objc; path = main.m; sourceTree = "<group>"; };
		FDC6B3C71E0068A100250AD5 /* Assets.xcassets */ = {isa = PBXFileReference; lastKnownFileType = folder.assetcatalog; path = Assets.xcassets; sourceTree = "<group>"; };
		FDC6B3CA1E0068A100250AD5 /* Base */ = {isa = PBXFileReference; lastKnownFileType = file.storyboard; name = Base; path = Base.lproj/LaunchScreen.storyboard; sourceTree = "<group>"; };
		FDC6B3CC1E0068A100250AD5 /* Info.plist */ = {isa = PBXFileReference; lastKnownFileType = text.plist.xml; path = Info.plist; sourceTree = "<group>"; };
		FDC6B3DE1E0069B400250AD5 /* AppDelegate.h */ = {isa = PBXFileReference; fileEncoding = 4; lastKnownFileType = sourcecode.c.h; path = AppDelegate.h; sourceTree = "<group>"; };
		FDC6B3DF1E0069B400250AD5 /* AppDelegate.m */ = {isa = PBXFileReference; fileEncoding = 4; lastKnownFileType = sourcecode.c.objc; path = AppDelegate.m; sourceTree = "<group>"; };
		FDC6B3E61E007A6300250AD5 /* BLNavigationController.h */ = {isa = PBXFileReference; fileEncoding = 4; lastKnownFileType = sourcecode.c.h; path = BLNavigationController.h; sourceTree = "<group>"; };
		FDC6B3E71E007A6300250AD5 /* BLNavigationController.m */ = {isa = PBXFileReference; fileEncoding = 4; lastKnownFileType = sourcecode.c.objc; path = BLNavigationController.m; sourceTree = "<group>"; };
		FDC6B3E91E007A7A00250AD5 /* BLMainTabBarController.h */ = {isa = PBXFileReference; fileEncoding = 4; lastKnownFileType = sourcecode.c.h; path = BLMainTabBarController.h; sourceTree = "<group>"; };
		FDC6B3EA1E007A7A00250AD5 /* BLMainTabBarController.m */ = {isa = PBXFileReference; fileEncoding = 4; lastKnownFileType = sourcecode.c.objc; path = BLMainTabBarController.m; sourceTree = "<group>"; };
		FDC6B3F21E007B3800250AD5 /* BLHomeViewController.h */ = {isa = PBXFileReference; fileEncoding = 4; lastKnownFileType = sourcecode.c.h; path = BLHomeViewController.h; sourceTree = "<group>"; };
		FDC6B3F31E007B3800250AD5 /* BLHomeViewController.m */ = {isa = PBXFileReference; fileEncoding = 4; lastKnownFileType = sourcecode.c.objc; path = BLHomeViewController.m; sourceTree = "<group>"; };
		FDC6B3F51E007B4100250AD5 /* BLExploreViewController.h */ = {isa = PBXFileReference; fileEncoding = 4; lastKnownFileType = sourcecode.c.h; path = BLExploreViewController.h; sourceTree = "<group>"; };
		FDC6B3F61E007B4100250AD5 /* BLExploreViewController.m */ = {isa = PBXFileReference; fileEncoding = 4; lastKnownFileType = sourcecode.c.objc; path = BLExploreViewController.m; sourceTree = "<group>"; };
		FDC6B3FB1E007F9700250AD5 /* PrefixHeader.pch */ = {isa = PBXFileReference; lastKnownFileType = sourcecode.c.h; path = PrefixHeader.pch; sourceTree = "<group>"; };
		FDC6B3FC1E00835900250AD5 /* UIView+BLExtension.h */ = {isa = PBXFileReference; fileEncoding = 4; lastKnownFileType = sourcecode.c.h; path = "UIView+BLExtension.h"; sourceTree = "<group>"; };
		FDC6B3FD1E00835900250AD5 /* UIView+BLExtension.m */ = {isa = PBXFileReference; fileEncoding = 4; lastKnownFileType = sourcecode.c.objc; path = "UIView+BLExtension.m"; sourceTree = "<group>"; };
		FDC6B3FF1E008BE800250AD5 /* BLFlowViewController.h */ = {isa = PBXFileReference; fileEncoding = 4; lastKnownFileType = sourcecode.c.h; path = BLFlowViewController.h; sourceTree = "<group>"; };
		FDC6B4001E008BE800250AD5 /* BLFlowViewController.m */ = {isa = PBXFileReference; fileEncoding = 4; lastKnownFileType = sourcecode.c.objc; path = BLFlowViewController.m; sourceTree = "<group>"; };
		FDC6B4021E00977E00250AD5 /* UIBarButtonItem+BLExtension.h */ = {isa = PBXFileReference; fileEncoding = 4; lastKnownFileType = sourcecode.c.h; path = "UIBarButtonItem+BLExtension.h"; sourceTree = "<group>"; };
		FDC6B4031E00977E00250AD5 /* UIBarButtonItem+BLExtension.m */ = {isa = PBXFileReference; fileEncoding = 4; lastKnownFileType = sourcecode.c.objc; path = "UIBarButtonItem+BLExtension.m"; sourceTree = "<group>"; };
		FDC6B4051E00A1F000250AD5 /* BLGridViewController.h */ = {isa = PBXFileReference; fileEncoding = 4; lastKnownFileType = sourcecode.c.h; path = BLGridViewController.h; sourceTree = "<group>"; };
		FDC6B4061E00A1F000250AD5 /* BLGridViewController.m */ = {isa = PBXFileReference; fileEncoding = 4; lastKnownFileType = sourcecode.c.objc; path = BLGridViewController.m; sourceTree = "<group>"; };
		FDC6B4081E00C31000250AD5 /* BLWaterFlowLayout.h */ = {isa = PBXFileReference; fileEncoding = 4; lastKnownFileType = sourcecode.c.h; path = BLWaterFlowLayout.h; sourceTree = "<group>"; };
		FDC6B4091E00C31000250AD5 /* BLWaterFlowLayout.m */ = {isa = PBXFileReference; fileEncoding = 4; lastKnownFileType = sourcecode.c.objc; path = BLWaterFlowLayout.m; sourceTree = "<group>"; };
		FDC6B40B1E00C80C00250AD5 /* BLFlowCollectionViewCell.h */ = {isa = PBXFileReference; fileEncoding = 4; lastKnownFileType = sourcecode.c.h; path = BLFlowCollectionViewCell.h; sourceTree = "<group>"; };
		FDC6B40C1E00C80C00250AD5 /* BLFlowCollectionViewCell.m */ = {isa = PBXFileReference; fileEncoding = 4; lastKnownFileType = sourcecode.c.objc; path = BLFlowCollectionViewCell.m; sourceTree = "<group>"; };
		FDC6B40D1E00C80C00250AD5 /* BLFlowCollectionViewCell.xib */ = {isa = PBXFileReference; fileEncoding = 4; lastKnownFileType = file.xib; path = BLFlowCollectionViewCell.xib; sourceTree = "<group>"; };
		FDC6B4151E00D3F000250AD5 /* BLGridCollectionViewCell.h */ = {isa = PBXFileReference; fileEncoding = 4; lastKnownFileType = sourcecode.c.h; path = BLGridCollectionViewCell.h; sourceTree = "<group>"; };
		FDC6B4161E00D3F000250AD5 /* BLGridCollectionViewCell.m */ = {isa = PBXFileReference; fileEncoding = 4; lastKnownFileType = sourcecode.c.objc; path = BLGridCollectionViewCell.m; sourceTree = "<group>"; };
		FDC6B4171E00D3F000250AD5 /* BLGridCollectionViewCell.xib */ = {isa = PBXFileReference; fileEncoding = 4; lastKnownFileType = file.xib; path = BLGridCollectionViewCell.xib; sourceTree = "<group>"; };
		FDC6B41A1E00DC8400250AD5 /* BLProfileViewController.h */ = {isa = PBXFileReference; fileEncoding = 4; lastKnownFileType = sourcecode.c.h; path = BLProfileViewController.h; sourceTree = "<group>"; };
		FDC6B41B1E00DC8400250AD5 /* BLProfileViewController.m */ = {isa = PBXFileReference; fileEncoding = 4; lastKnownFileType = sourcecode.c.objc; path = BLProfileViewController.m; sourceTree = "<group>"; };
		FDC6B41D1E00F3BE00250AD5 /* BLProfileHeaderCell.h */ = {isa = PBXFileReference; fileEncoding = 4; lastKnownFileType = sourcecode.c.h; path = BLProfileHeaderCell.h; sourceTree = "<group>"; };
		FDC6B41E1E00F3BE00250AD5 /* BLProfileHeaderCell.m */ = {isa = PBXFileReference; fileEncoding = 4; lastKnownFileType = sourcecode.c.objc; path = BLProfileHeaderCell.m; sourceTree = "<group>"; };
		FDC6B41F1E00F3BE00250AD5 /* BLProfileHeaderCell.xib */ = {isa = PBXFileReference; fileEncoding = 4; lastKnownFileType = file.xib; path = BLProfileHeaderCell.xib; sourceTree = "<group>"; };
		FDC6B42A1E010D7000250AD5 /* BLCollectionReusableView.h */ = {isa = PBXFileReference; fileEncoding = 4; lastKnownFileType = sourcecode.c.h; path = BLCollectionReusableView.h; sourceTree = "<group>"; };
		FDC6B42B1E010D7000250AD5 /* BLCollectionReusableView.m */ = {isa = PBXFileReference; fileEncoding = 4; lastKnownFileType = sourcecode.c.objc; path = BLCollectionReusableView.m; sourceTree = "<group>"; };
		FDC6B42C1E010D7000250AD5 /* BLCollectionReusableView.xib */ = {isa = PBXFileReference; fileEncoding = 4; lastKnownFileType = file.xib; path = BLCollectionReusableView.xib; sourceTree = "<group>"; };
		FDC6B42F1E010F9600250AD5 /* BLProfileShotCell.h */ = {isa = PBXFileReference; fileEncoding = 4; lastKnownFileType = sourcecode.c.h; path = BLProfileShotCell.h; sourceTree = "<group>"; };
		FDC6B4301E010F9600250AD5 /* BLProfileShotCell.m */ = {isa = PBXFileReference; fileEncoding = 4; lastKnownFileType = sourcecode.c.objc; path = BLProfileShotCell.m; sourceTree = "<group>"; };
		FDC6B4311E010F9600250AD5 /* BLProfileShotCell.xib */ = {isa = PBXFileReference; fileEncoding = 4; lastKnownFileType = file.xib; path = BLProfileShotCell.xib; sourceTree = "<group>"; };
		FDD530671E01E18100E0DD8D /* BLDetailContentCell.h */ = {isa = PBXFileReference; fileEncoding = 4; lastKnownFileType = sourcecode.c.h; path = BLDetailContentCell.h; sourceTree = "<group>"; };
		FDD530681E01E18100E0DD8D /* BLDetailContentCell.m */ = {isa = PBXFileReference; fileEncoding = 4; lastKnownFileType = sourcecode.c.objc; path = BLDetailContentCell.m; sourceTree = "<group>"; };
		FDD530691E01E18100E0DD8D /* BLDetailContentCell.xib */ = {isa = PBXFileReference; fileEncoding = 4; lastKnownFileType = file.xib; path = BLDetailContentCell.xib; sourceTree = "<group>"; };
		FDD5306C1E01E3B700E0DD8D /* BLDetailCommentCell.h */ = {isa = PBXFileReference; fileEncoding = 4; lastKnownFileType = sourcecode.c.h; path = BLDetailCommentCell.h; sourceTree = "<group>"; };
		FDD5306D1E01E3B700E0DD8D /* BLDetailCommentCell.m */ = {isa = PBXFileReference; fileEncoding = 4; lastKnownFileType = sourcecode.c.objc; path = BLDetailCommentCell.m; sourceTree = "<group>"; };
		FDD5306E1E01E3B700E0DD8D /* BLDetailCommentCell.xib */ = {isa = PBXFileReference; fileEncoding = 4; lastKnownFileType = file.xib; path = BLDetailCommentCell.xib; sourceTree = "<group>"; };
		FDD530711E01E4D500E0DD8D /* BLDetailTableViewController.h */ = {isa = PBXFileReference; fileEncoding = 4; lastKnownFileType = sourcecode.c.h; path = BLDetailTableViewController.h; sourceTree = "<group>"; };
		FDD530721E01E4D500E0DD8D /* BLDetailTableViewController.m */ = {isa = PBXFileReference; fileEncoding = 4; lastKnownFileType = sourcecode.c.objc; path = BLDetailTableViewController.m; sourceTree = "<group>"; };
		FDD530791E020C5F00E0DD8D /* BLHttpTool.h */ = {isa = PBXFileReference; fileEncoding = 4; lastKnownFileType = sourcecode.c.h; path = BLHttpTool.h; sourceTree = "<group>"; };
		FDD5307A1E020C5F00E0DD8D /* BLHttpTool.m */ = {isa = PBXFileReference; fileEncoding = 4; lastKnownFileType = sourcecode.c.objc; path = BLHttpTool.m; sourceTree = "<group>"; };
		FDD530801E0210C400E0DD8D /* BLShotsResult.h */ = {isa = PBXFileReference; fileEncoding = 4; lastKnownFileType = sourcecode.c.h; path = BLShotsResult.h; sourceTree = "<group>"; };
		FDD530811E0210C400E0DD8D /* BLShotsResult.m */ = {isa = PBXFileReference; fileEncoding = 4; lastKnownFileType = sourcecode.c.objc; path = BLShotsResult.m; sourceTree = "<group>"; };
		FDD530831E02122B00E0DD8D /* BLShotsTool.h */ = {isa = PBXFileReference; fileEncoding = 4; lastKnownFileType = sourcecode.c.h; path = BLShotsTool.h; sourceTree = "<group>"; };
		FDD530841E02122B00E0DD8D /* BLShotsTool.m */ = {isa = PBXFileReference; fileEncoding = 4; lastKnownFileType = sourcecode.c.objc; path = BLShotsTool.m; sourceTree = "<group>"; };
		FDD530891E021D3800E0DD8D /* BLDribbbleAPI.h */ = {isa = PBXFileReference; lastKnownFileType = sourcecode.c.h; path = BLDribbbleAPI.h; sourceTree = "<group>"; };
		FDD5308A1E0233B600E0DD8D /* BLShotsParams.h */ = {isa = PBXFileReference; fileEncoding = 4; lastKnownFileType = sourcecode.c.h; path = BLShotsParams.h; sourceTree = "<group>"; };
		FDD5308B1E0233B600E0DD8D /* BLShotsParams.m */ = {isa = PBXFileReference; fileEncoding = 4; lastKnownFileType = sourcecode.c.objc; path = BLShotsParams.m; sourceTree = "<group>"; };
/* End PBXFileReference section */

/* Begin PBXFrameworksBuildPhase section */
		FDC6B3B51E0068A100250AD5 /* Frameworks */ = {
			isa = PBXFrameworksBuildPhase;
			buildActionMask = 2147483647;
			files = (
				B262848E60C37598B887D91D /* libPods-WeShot.a in Frameworks */,
			);
			runOnlyForDeploymentPostprocessing = 0;
		};
/* End PBXFrameworksBuildPhase section */

/* Begin PBXGroup section */
		37A699CD88BEA6A89DBF7F4F /* Pods */ = {
			isa = PBXGroup;
			children = (
				AC20ED00F4699213279E0F66 /* Pods-WeShot.debug.xcconfig */,
				90EE0C64C93ECB5A7CAD8F4A /* Pods-WeShot.release.xcconfig */,
			);
			name = Pods;
			sourceTree = "<group>";
		};
		B5531AFD4304ACE44E9EAB03 /* Frameworks */ = {
			isa = PBXGroup;
			children = (
				646A427CFF8464476CAEF240 /* libPods-WeShot.a */,
			);
			name = Frameworks;
			sourceTree = "<group>";
		};
		FDC6B3AF1E0068A100250AD5 = {
			isa = PBXGroup;
			children = (
				FDC6B3BA1E0068A100250AD5 /* WeShot */,
				FDC6B3B91E0068A100250AD5 /* Products */,
				37A699CD88BEA6A89DBF7F4F /* Pods */,
				B5531AFD4304ACE44E9EAB03 /* Frameworks */,
			);
			sourceTree = "<group>";
		};
		FDC6B3B91E0068A100250AD5 /* Products */ = {
			isa = PBXGroup;
			children = (
				FDC6B3B81E0068A100250AD5 /* WeShot.app */,
			);
			name = Products;
			sourceTree = "<group>";
		};
		FDC6B3BA1E0068A100250AD5 /* WeShot */ = {
			isa = PBXGroup;
			children = (
				FDC6B3D21E0069B400250AD5 /* Classes */,
				FDC6B3C71E0068A100250AD5 /* Assets.xcassets */,
				FDC6B3BB1E0068A100250AD5 /* Supporting Files */,
			);
			path = WeShot;
			sourceTree = "<group>";
		};
		FDC6B3BB1E0068A100250AD5 /* Supporting Files */ = {
			isa = PBXGroup;
			children = (
				FDC6B3C91E0068A100250AD5 /* LaunchScreen.storyboard */,
				FDC6B3CC1E0068A100250AD5 /* Info.plist */,
				FDC6B3BC1E0068A100250AD5 /* main.m */,
			);
			name = "Supporting Files";
			sourceTree = "<group>";
		};
		FDC6B3D21E0069B400250AD5 /* Classes */ = {
			isa = PBXGroup;
			children = (
				FDD530771E020BA100E0DD8D /* Tools (bussiness Logic) */,
				FDC6B3DC1E0069B400250AD5 /* Main */,
				FDD530631E01E03F00E0DD8D /* Detail */,
				FDC6B3D81E0069B400250AD5 /* Home */,
				FDC6B3D31E0069B400250AD5 /* Explore */,
				FDC6B3E01E0069B400250AD5 /* Profile */,
				FDC6B3DD1E0069B400250AD5 /* Others */,
			);
			path = Classes;
			sourceTree = "<group>";
		};
		FDC6B3D31E0069B400250AD5 /* Explore */ = {
			isa = PBXGroup;
			children = (
				FDC6B3D41E0069B400250AD5 /* Controller */,
				FDC6B3D51E0069B400250AD5 /* Model */,
				FDC6B3D61E0069B400250AD5 /* View */,
			);
			path = Explore;
			sourceTree = "<group>";
		};
		FDC6B3D41E0069B400250AD5 /* Controller */ = {
			isa = PBXGroup;
			children = (
				FDC6B3F51E007B4100250AD5 /* BLExploreViewController.h */,
				FDC6B3F61E007B4100250AD5 /* BLExploreViewController.m */,
				FDC6B4051E00A1F000250AD5 /* BLGridViewController.h */,
				FDC6B4061E00A1F000250AD5 /* BLGridViewController.m */,
			);
			path = Controller;
			sourceTree = "<group>";
		};
		FDC6B3D51E0069B400250AD5 /* Model */ = {
			isa = PBXGroup;
			children = (
			);
			path = Model;
			sourceTree = "<group>";
		};
		FDC6B3D61E0069B400250AD5 /* View */ = {
			isa = PBXGroup;
			children = (
				FDC6B4151E00D3F000250AD5 /* BLGridCollectionViewCell.h */,
				FDC6B4161E00D3F000250AD5 /* BLGridCollectionViewCell.m */,
				FDC6B4171E00D3F000250AD5 /* BLGridCollectionViewCell.xib */,
			);
			path = View;
			sourceTree = "<group>";
		};
		FDC6B3D81E0069B400250AD5 /* Home */ = {
			isa = PBXGroup;
			children = (
				FDC6B3D91E0069B400250AD5 /* Controller */,
				FDC6B3DA1E0069B400250AD5 /* Model */,
				FDC6B3DB1E0069B400250AD5 /* View */,
			);
			path = Home;
			sourceTree = "<group>";
		};
		FDC6B3D91E0069B400250AD5 /* Controller */ = {
			isa = PBXGroup;
			children = (
				FDC6B3F21E007B3800250AD5 /* BLHomeViewController.h */,
				FDC6B3F31E007B3800250AD5 /* BLHomeViewController.m */,
				FDC6B3FF1E008BE800250AD5 /* BLFlowViewController.h */,
				FDC6B4001E008BE800250AD5 /* BLFlowViewController.m */,
			);
			path = Controller;
			sourceTree = "<group>";
		};
		FDC6B3DA1E0069B400250AD5 /* Model */ = {
			isa = PBXGroup;
			children = (
			);
			path = Model;
			sourceTree = "<group>";
		};
		FDC6B3DB1E0069B400250AD5 /* View */ = {
			isa = PBXGroup;
			children = (
				FDC6B4081E00C31000250AD5 /* BLWaterFlowLayout.h */,
				FDC6B4091E00C31000250AD5 /* BLWaterFlowLayout.m */,
				FDC6B40B1E00C80C00250AD5 /* BLFlowCollectionViewCell.h */,
				FDC6B40C1E00C80C00250AD5 /* BLFlowCollectionViewCell.m */,
				FDC6B40D1E00C80C00250AD5 /* BLFlowCollectionViewCell.xib */,
			);
			path = View;
			sourceTree = "<group>";
		};
		FDC6B3DC1E0069B400250AD5 /* Main */ = {
			isa = PBXGroup;
			children = (
				FDC6B3E61E007A6300250AD5 /* BLNavigationController.h */,
				FDC6B3E71E007A6300250AD5 /* BLNavigationController.m */,
				FDC6B3E91E007A7A00250AD5 /* BLMainTabBarController.h */,
				FDC6B3EA1E007A7A00250AD5 /* BLMainTabBarController.m */,
			);
			path = Main;
			sourceTree = "<group>";
		};
		FDC6B3DD1E0069B400250AD5 /* Others */ = {
			isa = PBXGroup;
			children = (
				FDC6B3E51E006A4200250AD5 /* Category */,
				FDC6B3DE1E0069B400250AD5 /* AppDelegate.h */,
				FDC6B3DF1E0069B400250AD5 /* AppDelegate.m */,
				FDC6B3FB1E007F9700250AD5 /* PrefixHeader.pch */,
				FDD530891E021D3800E0DD8D /* BLDribbbleAPI.h */,
			);
			path = Others;
			sourceTree = "<group>";
		};
		FDC6B3E01E0069B400250AD5 /* Profile */ = {
			isa = PBXGroup;
			children = (
				FDC6B3E11E0069B400250AD5 /* Controller */,
				FDC6B3E21E0069B400250AD5 /* Model */,
				FDC6B3E31E0069B400250AD5 /* View */,
			);
			path = Profile;
			sourceTree = "<group>";
		};
		FDC6B3E11E0069B400250AD5 /* Controller */ = {
			isa = PBXGroup;
			children = (
				FDC6B41A1E00DC8400250AD5 /* BLProfileViewController.h */,
				FDC6B41B1E00DC8400250AD5 /* BLProfileViewController.m */,
			);
			path = Controller;
			sourceTree = "<group>";
		};
		FDC6B3E21E0069B400250AD5 /* Model */ = {
			isa = PBXGroup;
			children = (
			);
			path = Model;
			sourceTree = "<group>";
		};
		FDC6B3E31E0069B400250AD5 /* View */ = {
			isa = PBXGroup;
			children = (
				FDC6B41D1E00F3BE00250AD5 /* BLProfileHeaderCell.h */,
				FDC6B41E1E00F3BE00250AD5 /* BLProfileHeaderCell.m */,
				FDC6B41F1E00F3BE00250AD5 /* BLProfileHeaderCell.xib */,
				FDC6B42F1E010F9600250AD5 /* BLProfileShotCell.h */,
				FDC6B4301E010F9600250AD5 /* BLProfileShotCell.m */,
				FDC6B4311E010F9600250AD5 /* BLProfileShotCell.xib */,
				FDC6B42A1E010D7000250AD5 /* BLCollectionReusableView.h */,
				FDC6B42B1E010D7000250AD5 /* BLCollectionReusableView.m */,
				FDC6B42C1E010D7000250AD5 /* BLCollectionReusableView.xib */,
			);
			path = View;
			sourceTree = "<group>";
		};
		FDC6B3E51E006A4200250AD5 /* Category */ = {
			isa = PBXGroup;
			children = (
				FDC6B3FC1E00835900250AD5 /* UIView+BLExtension.h */,
				FDC6B3FD1E00835900250AD5 /* UIView+BLExtension.m */,
				FDC6B4021E00977E00250AD5 /* UIBarButtonItem+BLExtension.h */,
				FDC6B4031E00977E00250AD5 /* UIBarButtonItem+BLExtension.m */,
			);
			name = Category;
			path = Extension;
			sourceTree = "<group>";
		};
		FDD530631E01E03F00E0DD8D /* Detail */ = {
			isa = PBXGroup;
			children = (
				FDD530641E01E03F00E0DD8D /* Controller */,
				FDD530651E01E03F00E0DD8D /* Model */,
				FDD530661E01E03F00E0DD8D /* View */,
			);
			path = Detail;
			sourceTree = "<group>";
		};
		FDD530641E01E03F00E0DD8D /* Controller */ = {
			isa = PBXGroup;
			children = (
				FDD530711E01E4D500E0DD8D /* BLDetailTableViewController.h */,
				FDD530721E01E4D500E0DD8D /* BLDetailTableViewController.m */,
			);
			path = Controller;
			sourceTree = "<group>";
		};
		FDD530651E01E03F00E0DD8D /* Model */ = {
			isa = PBXGroup;
			children = (
			);
			path = Model;
			sourceTree = "<group>";
		};
		FDD530661E01E03F00E0DD8D /* View */ = {
			isa = PBXGroup;
			children = (
				FDD530671E01E18100E0DD8D /* BLDetailContentCell.h */,
				FDD530681E01E18100E0DD8D /* BLDetailContentCell.m */,
				FDD530691E01E18100E0DD8D /* BLDetailContentCell.xib */,
				FDD5306C1E01E3B700E0DD8D /* BLDetailCommentCell.h */,
				FDD5306D1E01E3B700E0DD8D /* BLDetailCommentCell.m */,
				FDD5306E1E01E3B700E0DD8D /* BLDetailCommentCell.xib */,
			);
			path = View;
			sourceTree = "<group>";
		};
		FDD530771E020BA100E0DD8D /* Tools (bussiness Logic) */ = {
			isa = PBXGroup;
			children = (
				FDD530781E020C2A00E0DD8D /* HttpTool */,
				FDD5307C1E020F3900E0DD8D /* Shots */,
			);
			name = "Tools (bussiness Logic)";
			path = Tools;
			sourceTree = "<group>";
		};
		FDD530781E020C2A00E0DD8D /* HttpTool */ = {
			isa = PBXGroup;
			children = (
				FDD530791E020C5F00E0DD8D /* BLHttpTool.h */,
				FDD5307A1E020C5F00E0DD8D /* BLHttpTool.m */,
			);
			name = HttpTool;
			path = HTTP;
			sourceTree = "<group>";
		};
		FDD5307C1E020F3900E0DD8D /* Shots */ = {
			isa = PBXGroup;
			children = (
				FDD5308A1E0233B600E0DD8D /* BLShotsParams.h */,
				FDD5308B1E0233B600E0DD8D /* BLShotsParams.m */,
				FDD530801E0210C400E0DD8D /* BLShotsResult.h */,
				FDD530811E0210C400E0DD8D /* BLShotsResult.m */,
				FDD530831E02122B00E0DD8D /* BLShotsTool.h */,
				FDD530841E02122B00E0DD8D /* BLShotsTool.m */,
			);
			path = Shots;
			sourceTree = "<group>";
		};
/* End PBXGroup section */

/* Begin PBXNativeTarget section */
		FDC6B3B71E0068A100250AD5 /* WeShot */ = {
			isa = PBXNativeTarget;
			buildConfigurationList = FDC6B3CF1E0068A100250AD5 /* Build configuration list for PBXNativeTarget "WeShot" */;
			buildPhases = (
				449A20CDD4C301E79BFA8C31 /* [CP] Check Pods Manifest.lock */,
				FDC6B3B41E0068A100250AD5 /* Sources */,
				FDC6B3B51E0068A100250AD5 /* Frameworks */,
				FDC6B3B61E0068A100250AD5 /* Resources */,
				27100D63466601AA0A6325D2 /* [CP] Embed Pods Frameworks */,
				9CC710F1A3C619275ACF641F /* [CP] Copy Pods Resources */,
			);
			buildRules = (
			);
			dependencies = (
			);
			name = WeShot;
			productName = WeShot;
			productReference = FDC6B3B81E0068A100250AD5 /* WeShot.app */;
			productType = "com.apple.product-type.application";
		};
/* End PBXNativeTarget section */

/* Begin PBXProject section */
		FDC6B3B01E0068A100250AD5 /* Project object */ = {
			isa = PBXProject;
			attributes = {
				CLASSPREFIX = BL;
				LastUpgradeCheck = 0810;
				ORGANIZATIONNAME = "Bo LI";
				TargetAttributes = {
					FDC6B3B71E0068A100250AD5 = {
						CreatedOnToolsVersion = 8.1;
						DevelopmentTeam = LU2EVD6YHG;
						ProvisioningStyle = Automatic;
					};
				};
			};
			buildConfigurationList = FDC6B3B31E0068A100250AD5 /* Build configuration list for PBXProject "WeShot" */;
			compatibilityVersion = "Xcode 3.2";
			developmentRegion = English;
			hasScannedForEncodings = 0;
			knownRegions = (
				en,
				Base,
			);
			mainGroup = FDC6B3AF1E0068A100250AD5;
			productRefGroup = FDC6B3B91E0068A100250AD5 /* Products */;
			projectDirPath = "";
			projectRoot = "";
			targets = (
				FDC6B3B71E0068A100250AD5 /* WeShot */,
			);
		};
/* End PBXProject section */

/* Begin PBXResourcesBuildPhase section */
		FDC6B3B61E0068A100250AD5 /* Resources */ = {
			isa = PBXResourcesBuildPhase;
			buildActionMask = 2147483647;
			files = (
				FDC6B4331E010F9600250AD5 /* BLProfileShotCell.xib in Resources */,
				FDC6B4191E00D3F000250AD5 /* BLGridCollectionViewCell.xib in Resources */,
				FDC6B3CB1E0068A100250AD5 /* LaunchScreen.storyboard in Resources */,
				FDC6B4211E00F3BE00250AD5 /* BLProfileHeaderCell.xib in Resources */,
				FDD5306B1E01E18100E0DD8D /* BLDetailContentCell.xib in Resources */,
				FDC6B40F1E00C80C00250AD5 /* BLFlowCollectionViewCell.xib in Resources */,
				FDD530701E01E3B700E0DD8D /* BLDetailCommentCell.xib in Resources */,
				FDC6B3C81E0068A100250AD5 /* Assets.xcassets in Resources */,
				FDC6B42E1E010D7000250AD5 /* BLCollectionReusableView.xib in Resources */,
			);
			runOnlyForDeploymentPostprocessing = 0;
		};
/* End PBXResourcesBuildPhase section */

/* Begin PBXShellScriptBuildPhase section */
		27100D63466601AA0A6325D2 /* [CP] Embed Pods Frameworks */ = {
			isa = PBXShellScriptBuildPhase;
			buildActionMask = 2147483647;
			files = (
			);
			inputPaths = (
			);
			name = "[CP] Embed Pods Frameworks";
			outputPaths = (
			);
			runOnlyForDeploymentPostprocessing = 0;
			shellPath = /bin/sh;
			shellScript = "\"${SRCROOT}/Pods/Target Support Files/Pods-WeShot/Pods-WeShot-frameworks.sh\"\n";
			showEnvVarsInLog = 0;
		};
		449A20CDD4C301E79BFA8C31 /* [CP] Check Pods Manifest.lock */ = {
			isa = PBXShellScriptBuildPhase;
			buildActionMask = 2147483647;
			files = (
			);
			inputPaths = (
			);
			name = "[CP] Check Pods Manifest.lock";
			outputPaths = (
			);
			runOnlyForDeploymentPostprocessing = 0;
			shellPath = /bin/sh;
			shellScript = "diff \"${PODS_ROOT}/../Podfile.lock\" \"${PODS_ROOT}/Manifest.lock\" > /dev/null\nif [[ $? != 0 ]] ; then\n    cat << EOM\nerror: The sandbox is not in sync with the Podfile.lock. Run 'pod install' or update your CocoaPods installation.\nEOM\n    exit 1\nfi\n";
			showEnvVarsInLog = 0;
		};
		9CC710F1A3C619275ACF641F /* [CP] Copy Pods Resources */ = {
			isa = PBXShellScriptBuildPhase;
			buildActionMask = 2147483647;
			files = (
			);
			inputPaths = (
			);
			name = "[CP] Copy Pods Resources";
			outputPaths = (
			);
			runOnlyForDeploymentPostprocessing = 0;
			shellPath = /bin/sh;
			shellScript = "\"${SRCROOT}/Pods/Target Support Files/Pods-WeShot/Pods-WeShot-resources.sh\"\n";
			showEnvVarsInLog = 0;
		};
/* End PBXShellScriptBuildPhase section */

/* Begin PBXSourcesBuildPhase section */
		FDC6B3B41E0068A100250AD5 /* Sources */ = {
			isa = PBXSourcesBuildPhase;
			buildActionMask = 2147483647;
			files = (
				FDD530821E0210C400E0DD8D /* BLShotsResult.m in Sources */,
				FDC6B4041E00977E00250AD5 /* UIBarButtonItem+BLExtension.m in Sources */,
				FDC6B42D1E010D7000250AD5 /* BLCollectionReusableView.m in Sources */,
				FDC6B4201E00F3BE00250AD5 /* BLProfileHeaderCell.m in Sources */,
				FDD530851E02122B00E0DD8D /* BLShotsTool.m in Sources */,
				FDD5308C1E0233B600E0DD8D /* BLShotsParams.m in Sources */,
				FDC6B40A1E00C31000250AD5 /* BLWaterFlowLayout.m in Sources */,
				FDC6B41C1E00DC8400250AD5 /* BLProfileViewController.m in Sources */,
				FDD5306F1E01E3B700E0DD8D /* BLDetailCommentCell.m in Sources */,
				FDC6B3F71E007B4100250AD5 /* BLExploreViewController.m in Sources */,
				FDC6B3BD1E0068A100250AD5 /* main.m in Sources */,
				FDC6B3F41E007B3800250AD5 /* BLHomeViewController.m in Sources */,
				FDC6B4321E010F9600250AD5 /* BLProfileShotCell.m in Sources */,
				FDC6B4011E008BE800250AD5 /* BLFlowViewController.m in Sources */,
				FDC6B4181E00D3F000250AD5 /* BLGridCollectionViewCell.m in Sources */,
				FDD530731E01E4D500E0DD8D /* BLDetailTableViewController.m in Sources */,
				FDC6B3EB1E007A7A00250AD5 /* BLMainTabBarController.m in Sources */,
				FDC6B4071E00A1F000250AD5 /* BLGridViewController.m in Sources */,
				FDC6B3E41E0069B400250AD5 /* AppDelegate.m in Sources */,
				FDC6B3E81E007A6300250AD5 /* BLNavigationController.m in Sources */,
				FDC6B3FE1E00835900250AD5 /* UIView+BLExtension.m in Sources */,
				FDD5306A1E01E18100E0DD8D /* BLDetailContentCell.m in Sources */,
				FDD5307B1E020C5F00E0DD8D /* BLHttpTool.m in Sources */,
				FDC6B40E1E00C80C00250AD5 /* BLFlowCollectionViewCell.m in Sources */,
			);
			runOnlyForDeploymentPostprocessing = 0;
		};
/* End PBXSourcesBuildPhase section */

/* Begin PBXVariantGroup section */
		FDC6B3C91E0068A100250AD5 /* LaunchScreen.storyboard */ = {
			isa = PBXVariantGroup;
			children = (
				FDC6B3CA1E0068A100250AD5 /* Base */,
			);
			name = LaunchScreen.storyboard;
			sourceTree = "<group>";
		};
/* End PBXVariantGroup section */

/* Begin XCBuildConfiguration section */
		FDC6B3CD1E0068A100250AD5 /* Debug */ = {
			isa = XCBuildConfiguration;
			buildSettings = {
				ALWAYS_SEARCH_USER_PATHS = NO;
				CLANG_ANALYZER_NONNULL = YES;
				CLANG_CXX_LANGUAGE_STANDARD = "gnu++0x";
				CLANG_CXX_LIBRARY = "libc++";
				CLANG_ENABLE_MODULES = YES;
				CLANG_ENABLE_OBJC_ARC = YES;
				CLANG_WARN_BOOL_CONVERSION = YES;
				CLANG_WARN_CONSTANT_CONVERSION = YES;
				CLANG_WARN_DIRECT_OBJC_ISA_USAGE = YES_ERROR;
				CLANG_WARN_DOCUMENTATION_COMMENTS = YES;
				CLANG_WARN_EMPTY_BODY = YES;
				CLANG_WARN_ENUM_CONVERSION = YES;
				CLANG_WARN_INFINITE_RECURSION = YES;
				CLANG_WARN_INT_CONVERSION = YES;
				CLANG_WARN_OBJC_ROOT_CLASS = YES_ERROR;
				CLANG_WARN_SUSPICIOUS_MOVES = YES;
				CLANG_WARN_UNREACHABLE_CODE = YES;
				CLANG_WARN__DUPLICATE_METHOD_MATCH = YES;
				"CODE_SIGN_IDENTITY[sdk=iphoneos*]" = "iPhone Developer";
				COPY_PHASE_STRIP = NO;
				DEBUG_INFORMATION_FORMAT = dwarf;
				ENABLE_STRICT_OBJC_MSGSEND = YES;
				ENABLE_TESTABILITY = YES;
				GCC_C_LANGUAGE_STANDARD = gnu99;
				GCC_DYNAMIC_NO_PIC = NO;
				GCC_NO_COMMON_BLOCKS = YES;
				GCC_OPTIMIZATION_LEVEL = 0;
				GCC_PREPROCESSOR_DEFINITIONS = (
					"DEBUG=1",
					"$(inherited)",
				);
				GCC_WARN_64_TO_32_BIT_CONVERSION = YES;
				GCC_WARN_ABOUT_RETURN_TYPE = YES_ERROR;
				GCC_WARN_UNDECLARED_SELECTOR = YES;
				GCC_WARN_UNINITIALIZED_AUTOS = YES_AGGRESSIVE;
				GCC_WARN_UNUSED_FUNCTION = YES;
				GCC_WARN_UNUSED_VARIABLE = YES;
				IPHONEOS_DEPLOYMENT_TARGET = 10.1;
				MTL_ENABLE_DEBUG_INFO = YES;
				ONLY_ACTIVE_ARCH = YES;
				SDKROOT = iphoneos;
				TARGETED_DEVICE_FAMILY = "1,2";
			};
			name = Debug;
		};
		FDC6B3CE1E0068A100250AD5 /* Release */ = {
			isa = XCBuildConfiguration;
			buildSettings = {
				ALWAYS_SEARCH_USER_PATHS = NO;
				CLANG_ANALYZER_NONNULL = YES;
				CLANG_CXX_LANGUAGE_STANDARD = "gnu++0x";
				CLANG_CXX_LIBRARY = "libc++";
				CLANG_ENABLE_MODULES = YES;
				CLANG_ENABLE_OBJC_ARC = YES;
				CLANG_WARN_BOOL_CONVERSION = YES;
				CLANG_WARN_CONSTANT_CONVERSION = YES;
				CLANG_WARN_DIRECT_OBJC_ISA_USAGE = YES_ERROR;
				CLANG_WARN_DOCUMENTATION_COMMENTS = YES;
				CLANG_WARN_EMPTY_BODY = YES;
				CLANG_WARN_ENUM_CONVERSION = YES;
				CLANG_WARN_INFINITE_RECURSION = YES;
				CLANG_WARN_INT_CONVERSION = YES;
				CLANG_WARN_OBJC_ROOT_CLASS = YES_ERROR;
				CLANG_WARN_SUSPICIOUS_MOVES = YES;
				CLANG_WARN_UNREACHABLE_CODE = YES;
				CLANG_WARN__DUPLICATE_METHOD_MATCH = YES;
				"CODE_SIGN_IDENTITY[sdk=iphoneos*]" = "iPhone Developer";
				COPY_PHASE_STRIP = NO;
				DEBUG_INFORMATION_FORMAT = "dwarf-with-dsym";
				ENABLE_NS_ASSERTIONS = NO;
				ENABLE_STRICT_OBJC_MSGSEND = YES;
				GCC_C_LANGUAGE_STANDARD = gnu99;
				GCC_NO_COMMON_BLOCKS = YES;
				GCC_WARN_64_TO_32_BIT_CONVERSION = YES;
				GCC_WARN_ABOUT_RETURN_TYPE = YES_ERROR;
				GCC_WARN_UNDECLARED_SELECTOR = YES;
				GCC_WARN_UNINITIALIZED_AUTOS = YES_AGGRESSIVE;
				GCC_WARN_UNUSED_FUNCTION = YES;
				GCC_WARN_UNUSED_VARIABLE = YES;
				IPHONEOS_DEPLOYMENT_TARGET = 10.1;
				MTL_ENABLE_DEBUG_INFO = NO;
				SDKROOT = iphoneos;
				TARGETED_DEVICE_FAMILY = "1,2";
				VALIDATE_PRODUCT = YES;
			};
			name = Release;
		};
		FDC6B3D01E0068A100250AD5 /* Debug */ = {
			isa = XCBuildConfiguration;
			baseConfigurationReference = AC20ED00F4699213279E0F66 /* Pods-WeShot.debug.xcconfig */;
			buildSettings = {
				ASSETCATALOG_COMPILER_APPICON_NAME = AppIcon;
				DEVELOPMENT_TEAM = LU2EVD6YHG;
				GCC_PRECOMPILE_PREFIX_HEADER = YES;
				GCC_PREFIX_HEADER = WeShot/Classes/Others/PrefixHeader.pch;
				INFOPLIST_FILE = WeShot/Info.plist;
				LD_RUNPATH_SEARCH_PATHS = "$(inherited) @executable_path/Frameworks";
				PRODUCT_BUNDLE_IDENTIFIER = Clemson.WeShot;
				PRODUCT_NAME = "$(TARGET_NAME)";
			};
			name = Debug;
		};
		FDC6B3D11E0068A100250AD5 /* Release */ = {
			isa = XCBuildConfiguration;
			baseConfigurationReference = 90EE0C64C93ECB5A7CAD8F4A /* Pods-WeShot.release.xcconfig */;
			buildSettings = {
				ASSETCATALOG_COMPILER_APPICON_NAME = AppIcon;
				DEVELOPMENT_TEAM = LU2EVD6YHG;
				GCC_PRECOMPILE_PREFIX_HEADER = YES;
				GCC_PREFIX_HEADER = WeShot/Classes/Others/PrefixHeader.pch;
				INFOPLIST_FILE = WeShot/Info.plist;
				LD_RUNPATH_SEARCH_PATHS = "$(inherited) @executable_path/Frameworks";
				PRODUCT_BUNDLE_IDENTIFIER = Clemson.WeShot;
				PRODUCT_NAME = "$(TARGET_NAME)";
			};
			name = Release;
		};
/* End XCBuildConfiguration section */

/* Begin XCConfigurationList section */
		FDC6B3B31E0068A100250AD5 /* Build configuration list for PBXProject "WeShot" */ = {
			isa = XCConfigurationList;
			buildConfigurations = (
				FDC6B3CD1E0068A100250AD5 /* Debug */,
				FDC6B3CE1E0068A100250AD5 /* Release */,
			);
			defaultConfigurationIsVisible = 0;
			defaultConfigurationName = Release;
		};
		FDC6B3CF1E0068A100250AD5 /* Build configuration list for PBXNativeTarget "WeShot" */ = {
			isa = XCConfigurationList;
			buildConfigurations = (
				FDC6B3D01E0068A100250AD5 /* Debug */,
				FDC6B3D11E0068A100250AD5 /* Release */,
			);
			defaultConfigurationIsVisible = 0;
			defaultConfigurationName = Release;
		};
/* End XCConfigurationList section */
	};
	rootObject = FDC6B3B01E0068A100250AD5 /* Project object */;
}
