// !$*UTF8*$!
{
	archiveVersion = 1;
	classes = {
	};
	objectVersion = 46;
	objects = {

/* Begin PBXBuildFile section */
		B262848E60C37598B887D91D /* libPods-WeShot.a in Frameworks */ = {isa = PBXBuildFile; fileRef = 646A427CFF8464476CAEF240 /* libPods-WeShot.a */; };
		FDC6B3BD1E0068A100250AD5 /* main.m in Sources */ = {isa = PBXBuildFile; fileRef = FDC6B3BC1E0068A100250AD5 /* main.m */; };
		FDC6B3C81E0068A100250AD5 /* Assets.xcassets in Resources */ = {isa = PBXBuildFile; fileRef = FDC6B3C71E0068A100250AD5 /* Assets.xcassets */; };
		FDC6B3CB1E0068A100250AD5 /* LaunchScreen.storyboard in Resources */ = {isa = PBXBuildFile; fileRef = FDC6B3C91E0068A100250AD5 /* LaunchScreen.storyboard */; };
		FDC6B3FE1E00835900250AD5 /* UIView+BLExtension.m in Sources */ = {isa = PBXBuildFile; fileRef = FDC6B3FD1E00835900250AD5 /* UIView+BLExtension.m */; };
		FDC6B4041E00977E00250AD5 /* UIBarButtonItem+BLExtension.m in Sources */ = {isa = PBXBuildFile; fileRef = FDC6B4031E00977E00250AD5 /* UIBarButtonItem+BLExtension.m */; };
		FDD5307B1E020C5F00E0DD8D /* BLHttpTool.m in Sources */ = {isa = PBXBuildFile; fileRef = FDD5307A1E020C5F00E0DD8D /* BLHttpTool.m */; };
		FDD530851E02122B00E0DD8D /* BLShotsTool.m in Sources */ = {isa = PBXBuildFile; fileRef = FDD530841E02122B00E0DD8D /* BLShotsTool.m */; };
		FDD5308C1E0233B600E0DD8D /* BLShotsParams.m in Sources */ = {isa = PBXBuildFile; fileRef = FDD5308B1E0233B600E0DD8D /* BLShotsParams.m */; };
		FDD5309B1E02F3BC00E0DD8D /* NSString+BLExtension.m in Sources */ = {isa = PBXBuildFile; fileRef = FDD5309A1E02F3BC00E0DD8D /* NSString+BLExtension.m */; };
		FDD530AC1E03A53800E0DD8D /* AppDelegate.m in Sources */ = {isa = PBXBuildFile; fileRef = FDD530AB1E03A53800E0DD8D /* AppDelegate.m */; };
		FDD530B81E03C28700E0DD8D /* BLAcountTool.m in Sources */ = {isa = PBXBuildFile; fileRef = FDD530B71E03C28700E0DD8D /* BLAcountTool.m */; };
		FDF567D31E0697370086D187 /* BLShotDetailTableViewController.m in Sources */ = {isa = PBXBuildFile; fileRef = FDF5678D1E0697370086D187 /* BLShotDetailTableViewController.m */; };
		FDF567D41E0697370086D187 /* BLExploreViewController.m in Sources */ = {isa = PBXBuildFile; fileRef = FDF567901E0697370086D187 /* BLExploreViewController.m */; };
		FDF567D51E0697370086D187 /* BLGridViewController.m in Sources */ = {isa = PBXBuildFile; fileRef = FDF567921E0697370086D187 /* BLGridViewController.m */; };
		FDF567D61E0697370086D187 /* BLFlowViewController.m in Sources */ = {isa = PBXBuildFile; fileRef = FDF567951E0697370086D187 /* BLFlowViewController.m */; };
		FDF567D71E0697370086D187 /* BLHomeViewController.m in Sources */ = {isa = PBXBuildFile; fileRef = FDF567971E0697370086D187 /* BLHomeViewController.m */; };
		FDF567D81E0697370086D187 /* BLProfileViewController.m in Sources */ = {isa = PBXBuildFile; fileRef = FDF5679A1E0697370086D187 /* BLProfileViewController.m */; };
		FDF567D91E0697370086D187 /* BLMainTabBarController.m in Sources */ = {isa = PBXBuildFile; fileRef = FDF5679D1E0697370086D187 /* BLMainTabBarController.m */; };
		FDF567DA1E0697370086D187 /* BLNavigationController.m in Sources */ = {isa = PBXBuildFile; fileRef = FDF5679F1E0697370086D187 /* BLNavigationController.m */; };
		FDF567DB1E0697370086D187 /* BLLikeShot.m in Sources */ = {isa = PBXBuildFile; fileRef = FDF567A21E0697370086D187 /* BLLikeShot.m */; };
		FDF567DC1E0697370086D187 /* BLOAuthorParam.m in Sources */ = {isa = PBXBuildFile; fileRef = FDF567A41E0697370086D187 /* BLOAuthorParam.m */; };
		FDF567DD1E0697370086D187 /* BLShot.m in Sources */ = {isa = PBXBuildFile; fileRef = FDF567A61E0697370086D187 /* BLShot.m */; };
		FDF567DE1E0697370086D187 /* BLShotComment.m in Sources */ = {isa = PBXBuildFile; fileRef = FDF567A81E0697370086D187 /* BLShotComment.m */; };
		FDF567DF1E0697370086D187 /* BLShotPicture.m in Sources */ = {isa = PBXBuildFile; fileRef = FDF567AA1E0697370086D187 /* BLShotPicture.m */; };
		FDF567E01E0697370086D187 /* BLUser.m in Sources */ = {isa = PBXBuildFile; fileRef = FDF567AC1E0697370086D187 /* BLUser.m */; };
		FDF567E21E0697370086D187 /* BLOAuthViewController.m in Sources */ = {isa = PBXBuildFile; fileRef = FDF567B11E0697370086D187 /* BLOAuthViewController.m */; };
		FDF567E31E0697370086D187 /* BLDetailCommentCell.m in Sources */ = {isa = PBXBuildFile; fileRef = FDF567B51E0697370086D187 /* BLDetailCommentCell.m */; };
		FDF567E41E0697370086D187 /* BLDetailCommentCell.xib in Resources */ = {isa = PBXBuildFile; fileRef = FDF567B61E0697370086D187 /* BLDetailCommentCell.xib */; };
		FDF567E51E0697370086D187 /* BLDetailContentCell.m in Sources */ = {isa = PBXBuildFile; fileRef = FDF567B81E0697370086D187 /* BLDetailContentCell.m */; };
		FDF567E61E0697370086D187 /* BLDetailContentCell.xib in Resources */ = {isa = PBXBuildFile; fileRef = FDF567B91E0697370086D187 /* BLDetailContentCell.xib */; };
		FDF567E71E0697370086D187 /* BLDetailHeaderView.m in Sources */ = {isa = PBXBuildFile; fileRef = FDF567BB1E0697370086D187 /* BLDetailHeaderView.m */; };
		FDF567E81E0697370086D187 /* BLDetailHeaderView.xib in Resources */ = {isa = PBXBuildFile; fileRef = FDF567BC1E0697370086D187 /* BLDetailHeaderView.xib */; };
		FDF567E91E0697370086D187 /* BLDetailNoCommentCell.m in Sources */ = {isa = PBXBuildFile; fileRef = FDF567BE1E0697370086D187 /* BLDetailNoCommentCell.m */; };
		FDF567EA1E0697370086D187 /* BLDetailNoCommentCell.xib in Resources */ = {isa = PBXBuildFile; fileRef = FDF567BF1E0697370086D187 /* BLDetailNoCommentCell.xib */; };
		FDF567EB1E0697370086D187 /* BLGridCollectionViewCell.m in Sources */ = {isa = PBXBuildFile; fileRef = FDF567C21E0697370086D187 /* BLGridCollectionViewCell.m */; };
		FDF567EC1E0697370086D187 /* BLGridCollectionViewCell.xib in Resources */ = {isa = PBXBuildFile; fileRef = FDF567C31E0697370086D187 /* BLGridCollectionViewCell.xib */; };
		FDF567ED1E0697370086D187 /* BLFlowCollectionViewCell.m in Sources */ = {isa = PBXBuildFile; fileRef = FDF567C61E0697370086D187 /* BLFlowCollectionViewCell.m */; };
		FDF567EE1E0697370086D187 /* BLFlowCollectionViewCell.xib in Resources */ = {isa = PBXBuildFile; fileRef = FDF567C71E0697370086D187 /* BLFlowCollectionViewCell.xib */; };
		FDF567EF1E0697370086D187 /* BLWaterFlowLayout.m in Sources */ = {isa = PBXBuildFile; fileRef = FDF567C91E0697370086D187 /* BLWaterFlowLayout.m */; };
		FDF567F01E0697370086D187 /* BLLoginViewController.xib in Resources */ = {isa = PBXBuildFile; fileRef = FDF567CB1E0697370086D187 /* BLLoginViewController.xib */; };
		FDF567F11E0697370086D187 /* BLCollectionReusableView.m in Sources */ = {isa = PBXBuildFile; fileRef = FDF567CE1E0697370086D187 /* BLCollectionReusableView.m */; };
		FDF567F21E0697370086D187 /* BLCollectionReusableView.xib in Resources */ = {isa = PBXBuildFile; fileRef = FDF567CF1E0697370086D187 /* BLCollectionReusableView.xib */; };
		FDF567F31E0697370086D187 /* BLProfileHeaderCell.m in Sources */ = {isa = PBXBuildFile; fileRef = FDF567D11E0697370086D187 /* BLProfileHeaderCell.m */; };
		FDF567F41E0697370086D187 /* BLProfileHeaderCell.xib in Resources */ = {isa = PBXBuildFile; fileRef = FDF567D21E0697370086D187 /* BLProfileHeaderCell.xib */; };
		FDF567F81E0698310086D187 /* BLLoginViewController.m in Sources */ = {isa = PBXBuildFile; fileRef = FDF567F71E0698310086D187 /* BLLoginViewController.m */; };
/* End PBXBuildFile section */

/* Begin PBXFileReference section */
		646A427CFF8464476CAEF240 /* libPods-WeShot.a */ = {isa = PBXFileReference; explicitFileType = archive.ar; includeInIndex = 0; path = "libPods-WeShot.a"; sourceTree = BUILT_PRODUCTS_DIR; };
		90EE0C64C93ECB5A7CAD8F4A /* Pods-WeShot.release.xcconfig */ = {isa = PBXFileReference; includeInIndex = 1; lastKnownFileType = text.xcconfig; name = "Pods-WeShot.release.xcconfig"; path = "Pods/Target Support Files/Pods-WeShot/Pods-WeShot.release.xcconfig"; sourceTree = "<group>"; };
		AC20ED00F4699213279E0F66 /* Pods-WeShot.debug.xcconfig */ = {isa = PBXFileReference; includeInIndex = 1; lastKnownFileType = text.xcconfig; name = "Pods-WeShot.debug.xcconfig"; path = "Pods/Target Support Files/Pods-WeShot/Pods-WeShot.debug.xcconfig"; sourceTree = "<group>"; };
		FDC6B3B81E0068A100250AD5 /* WeShot.app */ = {isa = PBXFileReference; explicitFileType = wrapper.application; includeInIndex = 0; path = WeShot.app; sourceTree = BUILT_PRODUCTS_DIR; };
		FDC6B3BC1E0068A100250AD5 /* main.m */ = {isa = PBXFileReference; lastKnownFileType = sourcecode.c.objc; path = main.m; sourceTree = "<group>"; };
		FDC6B3C71E0068A100250AD5 /* Assets.xcassets */ = {isa = PBXFileReference; lastKnownFileType = folder.assetcatalog; path = Assets.xcassets; sourceTree = "<group>"; };
		FDC6B3CA1E0068A100250AD5 /* Base */ = {isa = PBXFileReference; lastKnownFileType = file.storyboard; name = Base; path = Base.lproj/LaunchScreen.storyboard; sourceTree = "<group>"; };
		FDC6B3CC1E0068A100250AD5 /* Info.plist */ = {isa = PBXFileReference; lastKnownFileType = text.plist.xml; path = Info.plist; sourceTree = "<group>"; };
		FDC6B3FB1E007F9700250AD5 /* PrefixHeader.pch */ = {isa = PBXFileReference; lastKnownFileType = sourcecode.c.h; path = PrefixHeader.pch; sourceTree = "<group>"; };
		FDC6B3FC1E00835900250AD5 /* UIView+BLExtension.h */ = {isa = PBXFileReference; fileEncoding = 4; lastKnownFileType = sourcecode.c.h; path = "UIView+BLExtension.h"; sourceTree = "<group>"; };
		FDC6B3FD1E00835900250AD5 /* UIView+BLExtension.m */ = {isa = PBXFileReference; fileEncoding = 4; lastKnownFileType = sourcecode.c.objc; path = "UIView+BLExtension.m"; sourceTree = "<group>"; };
		FDC6B4021E00977E00250AD5 /* UIBarButtonItem+BLExtension.h */ = {isa = PBXFileReference; fileEncoding = 4; lastKnownFileType = sourcecode.c.h; path = "UIBarButtonItem+BLExtension.h"; sourceTree = "<group>"; };
		FDC6B4031E00977E00250AD5 /* UIBarButtonItem+BLExtension.m */ = {isa = PBXFileReference; fileEncoding = 4; lastKnownFileType = sourcecode.c.objc; path = "UIBarButtonItem+BLExtension.m"; sourceTree = "<group>"; };
		FDD530791E020C5F00E0DD8D /* BLHttpTool.h */ = {isa = PBXFileReference; fileEncoding = 4; lastKnownFileType = sourcecode.c.h; path = BLHttpTool.h; sourceTree = "<group>"; };
		FDD5307A1E020C5F00E0DD8D /* BLHttpTool.m */ = {isa = PBXFileReference; fileEncoding = 4; lastKnownFileType = sourcecode.c.objc; path = BLHttpTool.m; sourceTree = "<group>"; };
		FDD530831E02122B00E0DD8D /* BLShotsTool.h */ = {isa = PBXFileReference; fileEncoding = 4; lastKnownFileType = sourcecode.c.h; path = BLShotsTool.h; sourceTree = "<group>"; };
		FDD530841E02122B00E0DD8D /* BLShotsTool.m */ = {isa = PBXFileReference; fileEncoding = 4; lastKnownFileType = sourcecode.c.objc; path = BLShotsTool.m; sourceTree = "<group>"; };
		FDD530891E021D3800E0DD8D /* BLDribbbleAPI.h */ = {isa = PBXFileReference; lastKnownFileType = sourcecode.c.h; path = BLDribbbleAPI.h; sourceTree = "<group>"; };
		FDD5308A1E0233B600E0DD8D /* BLShotsParams.h */ = {isa = PBXFileReference; fileEncoding = 4; lastKnownFileType = sourcecode.c.h; path = BLShotsParams.h; sourceTree = "<group>"; };
		FDD5308B1E0233B600E0DD8D /* BLShotsParams.m */ = {isa = PBXFileReference; fileEncoding = 4; lastKnownFileType = sourcecode.c.objc; path = BLShotsParams.m; sourceTree = "<group>"; };
		FDD530991E02F3BC00E0DD8D /* NSString+BLExtension.h */ = {isa = PBXFileReference; fileEncoding = 4; lastKnownFileType = sourcecode.c.h; path = "NSString+BLExtension.h"; sourceTree = "<group>"; };
		FDD5309A1E02F3BC00E0DD8D /* NSString+BLExtension.m */ = {isa = PBXFileReference; fileEncoding = 4; lastKnownFileType = sourcecode.c.objc; path = "NSString+BLExtension.m"; sourceTree = "<group>"; };
		FDD530AA1E03A53800E0DD8D /* AppDelegate.h */ = {isa = PBXFileReference; fileEncoding = 4; lastKnownFileType = sourcecode.c.h; path = AppDelegate.h; sourceTree = "<group>"; };
		FDD530AB1E03A53800E0DD8D /* AppDelegate.m */ = {isa = PBXFileReference; fileEncoding = 4; lastKnownFileType = sourcecode.c.objc; path = AppDelegate.m; sourceTree = "<group>"; };
		FDD530B61E03C28700E0DD8D /* BLAcountTool.h */ = {isa = PBXFileReference; fileEncoding = 4; lastKnownFileType = sourcecode.c.h; path = BLAcountTool.h; sourceTree = "<group>"; };
		FDD530B71E03C28700E0DD8D /* BLAcountTool.m */ = {isa = PBXFileReference; fileEncoding = 4; lastKnownFileType = sourcecode.c.objc; path = BLAcountTool.m; sourceTree = "<group>"; };
		FDF5678C1E0697370086D187 /* BLShotDetailTableViewController.h */ = {isa = PBXFileReference; fileEncoding = 4; lastKnownFileType = sourcecode.c.h; path = BLShotDetailTableViewController.h; sourceTree = "<group>"; };
		FDF5678D1E0697370086D187 /* BLShotDetailTableViewController.m */ = {isa = PBXFileReference; fileEncoding = 4; lastKnownFileType = sourcecode.c.objc; path = BLShotDetailTableViewController.m; sourceTree = "<group>"; };
		FDF5678F1E0697370086D187 /* BLExploreViewController.h */ = {isa = PBXFileReference; fileEncoding = 4; lastKnownFileType = sourcecode.c.h; path = BLExploreViewController.h; sourceTree = "<group>"; };
		FDF567901E0697370086D187 /* BLExploreViewController.m */ = {isa = PBXFileReference; fileEncoding = 4; lastKnownFileType = sourcecode.c.objc; path = BLExploreViewController.m; sourceTree = "<group>"; };
		FDF567911E0697370086D187 /* BLGridViewController.h */ = {isa = PBXFileReference; fileEncoding = 4; lastKnownFileType = sourcecode.c.h; path = BLGridViewController.h; sourceTree = "<group>"; };
		FDF567921E0697370086D187 /* BLGridViewController.m */ = {isa = PBXFileReference; fileEncoding = 4; lastKnownFileType = sourcecode.c.objc; path = BLGridViewController.m; sourceTree = "<group>"; };
		FDF567941E0697370086D187 /* BLFlowViewController.h */ = {isa = PBXFileReference; fileEncoding = 4; lastKnownFileType = sourcecode.c.h; path = BLFlowViewController.h; sourceTree = "<group>"; };
		FDF567951E0697370086D187 /* BLFlowViewController.m */ = {isa = PBXFileReference; fileEncoding = 4; lastKnownFileType = sourcecode.c.objc; path = BLFlowViewController.m; sourceTree = "<group>"; };
		FDF567961E0697370086D187 /* BLHomeViewController.h */ = {isa = PBXFileReference; fileEncoding = 4; lastKnownFileType = sourcecode.c.h; path = BLHomeViewController.h; sourceTree = "<group>"; };
		FDF567971E0697370086D187 /* BLHomeViewController.m */ = {isa = PBXFileReference; fileEncoding = 4; lastKnownFileType = sourcecode.c.objc; path = BLHomeViewController.m; sourceTree = "<group>"; };
		FDF567991E0697370086D187 /* BLProfileViewController.h */ = {isa = PBXFileReference; fileEncoding = 4; lastKnownFileType = sourcecode.c.h; path = BLProfileViewController.h; sourceTree = "<group>"; };
		FDF5679A1E0697370086D187 /* BLProfileViewController.m */ = {isa = PBXFileReference; fileEncoding = 4; lastKnownFileType = sourcecode.c.objc; path = BLProfileViewController.m; sourceTree = "<group>"; };
		FDF5679C1E0697370086D187 /* BLMainTabBarController.h */ = {isa = PBXFileReference; fileEncoding = 4; lastKnownFileType = sourcecode.c.h; path = BLMainTabBarController.h; sourceTree = "<group>"; };
		FDF5679D1E0697370086D187 /* BLMainTabBarController.m */ = {isa = PBXFileReference; fileEncoding = 4; lastKnownFileType = sourcecode.c.objc; path = BLMainTabBarController.m; sourceTree = "<group>"; };
		FDF5679E1E0697370086D187 /* BLNavigationController.h */ = {isa = PBXFileReference; fileEncoding = 4; lastKnownFileType = sourcecode.c.h; path = BLNavigationController.h; sourceTree = "<group>"; };
		FDF5679F1E0697370086D187 /* BLNavigationController.m */ = {isa = PBXFileReference; fileEncoding = 4; lastKnownFileType = sourcecode.c.objc; path = BLNavigationController.m; sourceTree = "<group>"; };
		FDF567A11E0697370086D187 /* BLLikeShot.h */ = {isa = PBXFileReference; fileEncoding = 4; lastKnownFileType = sourcecode.c.h; path = BLLikeShot.h; sourceTree = "<group>"; };
		FDF567A21E0697370086D187 /* BLLikeShot.m */ = {isa = PBXFileReference; fileEncoding = 4; lastKnownFileType = sourcecode.c.objc; path = BLLikeShot.m; sourceTree = "<group>"; };
		FDF567A31E0697370086D187 /* BLOAuthorParam.h */ = {isa = PBXFileReference; fileEncoding = 4; lastKnownFileType = sourcecode.c.h; path = BLOAuthorParam.h; sourceTree = "<group>"; };
		FDF567A41E0697370086D187 /* BLOAuthorParam.m */ = {isa = PBXFileReference; fileEncoding = 4; lastKnownFileType = sourcecode.c.objc; path = BLOAuthorParam.m; sourceTree = "<group>"; };
		FDF567A51E0697370086D187 /* BLShot.h */ = {isa = PBXFileReference; fileEncoding = 4; lastKnownFileType = sourcecode.c.h; path = BLShot.h; sourceTree = "<group>"; };
		FDF567A61E0697370086D187 /* BLShot.m */ = {isa = PBXFileReference; fileEncoding = 4; lastKnownFileType = sourcecode.c.objc; path = BLShot.m; sourceTree = "<group>"; };
		FDF567A71E0697370086D187 /* BLShotComment.h */ = {isa = PBXFileReference; fileEncoding = 4; lastKnownFileType = sourcecode.c.h; path = BLShotComment.h; sourceTree = "<group>"; };
		FDF567A81E0697370086D187 /* BLShotComment.m */ = {isa = PBXFileReference; fileEncoding = 4; lastKnownFileType = sourcecode.c.objc; path = BLShotComment.m; sourceTree = "<group>"; };
		FDF567A91E0697370086D187 /* BLShotPicture.h */ = {isa = PBXFileReference; fileEncoding = 4; lastKnownFileType = sourcecode.c.h; path = BLShotPicture.h; sourceTree = "<group>"; };
		FDF567AA1E0697370086D187 /* BLShotPicture.m */ = {isa = PBXFileReference; fileEncoding = 4; lastKnownFileType = sourcecode.c.objc; path = BLShotPicture.m; sourceTree = "<group>"; };
		FDF567AB1E0697370086D187 /* BLUser.h */ = {isa = PBXFileReference; fileEncoding = 4; lastKnownFileType = sourcecode.c.h; path = BLUser.h; sourceTree = "<group>"; };
		FDF567AC1E0697370086D187 /* BLUser.m */ = {isa = PBXFileReference; fileEncoding = 4; lastKnownFileType = sourcecode.c.objc; path = BLUser.m; sourceTree = "<group>"; };
		FDF567B01E0697370086D187 /* BLOAuthViewController.h */ = {isa = PBXFileReference; fileEncoding = 4; lastKnownFileType = sourcecode.c.h; path = BLOAuthViewController.h; sourceTree = "<group>"; };
		FDF567B11E0697370086D187 /* BLOAuthViewController.m */ = {isa = PBXFileReference; fileEncoding = 4; lastKnownFileType = sourcecode.c.objc; path = BLOAuthViewController.m; sourceTree = "<group>"; };
		FDF567B41E0697370086D187 /* BLDetailCommentCell.h */ = {isa = PBXFileReference; fileEncoding = 4; lastKnownFileType = sourcecode.c.h; path = BLDetailCommentCell.h; sourceTree = "<group>"; };
		FDF567B51E0697370086D187 /* BLDetailCommentCell.m */ = {isa = PBXFileReference; fileEncoding = 4; lastKnownFileType = sourcecode.c.objc; path = BLDetailCommentCell.m; sourceTree = "<group>"; };
		FDF567B61E0697370086D187 /* BLDetailCommentCell.xib */ = {isa = PBXFileReference; fileEncoding = 4; lastKnownFileType = file.xib; path = BLDetailCommentCell.xib; sourceTree = "<group>"; };
		FDF567B71E0697370086D187 /* BLDetailContentCell.h */ = {isa = PBXFileReference; fileEncoding = 4; lastKnownFileType = sourcecode.c.h; path = BLDetailContentCell.h; sourceTree = "<group>"; };
		FDF567B81E0697370086D187 /* BLDetailContentCell.m */ = {isa = PBXFileReference; fileEncoding = 4; lastKnownFileType = sourcecode.c.objc; path = BLDetailContentCell.m; sourceTree = "<group>"; };
		FDF567B91E0697370086D187 /* BLDetailContentCell.xib */ = {isa = PBXFileReference; fileEncoding = 4; lastKnownFileType = file.xib; path = BLDetailContentCell.xib; sourceTree = "<group>"; };
		FDF567BA1E0697370086D187 /* BLDetailHeaderView.h */ = {isa = PBXFileReference; fileEncoding = 4; lastKnownFileType = sourcecode.c.h; path = BLDetailHeaderView.h; sourceTree = "<group>"; };
		FDF567BB1E0697370086D187 /* BLDetailHeaderView.m */ = {isa = PBXFileReference; fileEncoding = 4; lastKnownFileType = sourcecode.c.objc; path = BLDetailHeaderView.m; sourceTree = "<group>"; };
		FDF567BC1E0697370086D187 /* BLDetailHeaderView.xib */ = {isa = PBXFileReference; fileEncoding = 4; lastKnownFileType = file.xib; path = BLDetailHeaderView.xib; sourceTree = "<group>"; };
		FDF567BD1E0697370086D187 /* BLDetailNoCommentCell.h */ = {isa = PBXFileReference; fileEncoding = 4; lastKnownFileType = sourcecode.c.h; path = BLDetailNoCommentCell.h; sourceTree = "<group>"; };
		FDF567BE1E0697370086D187 /* BLDetailNoCommentCell.m */ = {isa = PBXFileReference; fileEncoding = 4; lastKnownFileType = sourcecode.c.objc; path = BLDetailNoCommentCell.m; sourceTree = "<group>"; };
		FDF567BF1E0697370086D187 /* BLDetailNoCommentCell.xib */ = {isa = PBXFileReference; fileEncoding = 4; lastKnownFileType = file.xib; path = BLDetailNoCommentCell.xib; sourceTree = "<group>"; };
		FDF567C11E0697370086D187 /* BLGridCollectionViewCell.h */ = {isa = PBXFileReference; fileEncoding = 4; lastKnownFileType = sourcecode.c.h; path = BLGridCollectionViewCell.h; sourceTree = "<group>"; };
		FDF567C21E0697370086D187 /* BLGridCollectionViewCell.m */ = {isa = PBXFileReference; fileEncoding = 4; lastKnownFileType = sourcecode.c.objc; path = BLGridCollectionViewCell.m; sourceTree = "<group>"; };
		FDF567C31E0697370086D187 /* BLGridCollectionViewCell.xib */ = {isa = PBXFileReference; fileEncoding = 4; lastKnownFileType = file.xib; path = BLGridCollectionViewCell.xib; sourceTree = "<group>"; };
		FDF567C51E0697370086D187 /* BLFlowCollectionViewCell.h */ = {isa = PBXFileReference; fileEncoding = 4; lastKnownFileType = sourcecode.c.h; path = BLFlowCollectionViewCell.h; sourceTree = "<group>"; };
		FDF567C61E0697370086D187 /* BLFlowCollectionViewCell.m */ = {isa = PBXFileReference; fileEncoding = 4; lastKnownFileType = sourcecode.c.objc; path = BLFlowCollectionViewCell.m; sourceTree = "<group>"; };
		FDF567C71E0697370086D187 /* BLFlowCollectionViewCell.xib */ = {isa = PBXFileReference; fileEncoding = 4; lastKnownFileType = file.xib; path = BLFlowCollectionViewCell.xib; sourceTree = "<group>"; };
		FDF567C81E0697370086D187 /* BLWaterFlowLayout.h */ = {isa = PBXFileReference; fileEncoding = 4; lastKnownFileType = sourcecode.c.h; path = BLWaterFlowLayout.h; sourceTree = "<group>"; };
		FDF567C91E0697370086D187 /* BLWaterFlowLayout.m */ = {isa = PBXFileReference; fileEncoding = 4; lastKnownFileType = sourcecode.c.objc; path = BLWaterFlowLayout.m; sourceTree = "<group>"; };
		FDF567CB1E0697370086D187 /* BLLoginViewController.xib */ = {isa = PBXFileReference; fileEncoding = 4; lastKnownFileType = file.xib; path = BLLoginViewController.xib; sourceTree = "<group>"; };
		FDF567CD1E0697370086D187 /* BLCollectionReusableView.h */ = {isa = PBXFileReference; fileEncoding = 4; lastKnownFileType = sourcecode.c.h; path = BLCollectionReusableView.h; sourceTree = "<group>"; };
		FDF567CE1E0697370086D187 /* BLCollectionReusableView.m */ = {isa = PBXFileReference; fileEncoding = 4; lastKnownFileType = sourcecode.c.objc; path = BLCollectionReusableView.m; sourceTree = "<group>"; };
		FDF567CF1E0697370086D187 /* BLCollectionReusableView.xib */ = {isa = PBXFileReference; fileEncoding = 4; lastKnownFileType = file.xib; path = BLCollectionReusableView.xib; sourceTree = "<group>"; };
		FDF567D01E0697370086D187 /* BLProfileHeaderCell.h */ = {isa = PBXFileReference; fileEncoding = 4; lastKnownFileType = sourcecode.c.h; path = BLProfileHeaderCell.h; sourceTree = "<group>"; };
		FDF567D11E0697370086D187 /* BLProfileHeaderCell.m */ = {isa = PBXFileReference; fileEncoding = 4; lastKnownFileType = sourcecode.c.objc; path = BLProfileHeaderCell.m; sourceTree = "<group>"; };
		FDF567D21E0697370086D187 /* BLProfileHeaderCell.xib */ = {isa = PBXFileReference; fileEncoding = 4; lastKnownFileType = file.xib; path = BLProfileHeaderCell.xib; sourceTree = "<group>"; };
		FDF567F61E0698310086D187 /* BLLoginViewController.h */ = {isa = PBXFileReference; fileEncoding = 4; lastKnownFileType = sourcecode.c.h; path = BLLoginViewController.h; sourceTree = "<group>"; };
		FDF567F71E0698310086D187 /* BLLoginViewController.m */ = {isa = PBXFileReference; fileEncoding = 4; lastKnownFileType = sourcecode.c.objc; path = BLLoginViewController.m; sourceTree = "<group>"; };
/* End PBXFileReference section */

/* Begin PBXFrameworksBuildPhase section */
		FDC6B3B51E0068A100250AD5 /* Frameworks */ = {
			isa = PBXFrameworksBuildPhase;
			buildActionMask = 2147483647;
			files = (
				B262848E60C37598B887D91D /* libPods-WeShot.a in Frameworks */,
			);
			runOnlyForDeploymentPostprocessing = 0;
		};
/* End PBXFrameworksBuildPhase section */

/* Begin PBXGroup section */
		37A699CD88BEA6A89DBF7F4F /* Pods */ = {
			isa = PBXGroup;
			children = (
				AC20ED00F4699213279E0F66 /* Pods-WeShot.debug.xcconfig */,
				90EE0C64C93ECB5A7CAD8F4A /* Pods-WeShot.release.xcconfig */,
			);
			name = Pods;
			sourceTree = "<group>";
		};
		B5531AFD4304ACE44E9EAB03 /* Frameworks */ = {
			isa = PBXGroup;
			children = (
				646A427CFF8464476CAEF240 /* libPods-WeShot.a */,
			);
			name = Frameworks;
			sourceTree = "<group>";
		};
		FDC6B3AF1E0068A100250AD5 = {
			isa = PBXGroup;
			children = (
				FDC6B3BA1E0068A100250AD5 /* WeShot */,
				FDC6B3B91E0068A100250AD5 /* Products */,
				37A699CD88BEA6A89DBF7F4F /* Pods */,
				B5531AFD4304ACE44E9EAB03 /* Frameworks */,
			);
			sourceTree = "<group>";
		};
		FDC6B3B91E0068A100250AD5 /* Products */ = {
			isa = PBXGroup;
			children = (
				FDC6B3B81E0068A100250AD5 /* WeShot.app */,
			);
			name = Products;
			sourceTree = "<group>";
		};
		FDC6B3BA1E0068A100250AD5 /* WeShot */ = {
			isa = PBXGroup;
			children = (
				FDC6B3D21E0069B400250AD5 /* Classes */,
				FDC6B3C71E0068A100250AD5 /* Assets.xcassets */,
				FDC6B3BB1E0068A100250AD5 /* Supporting Files */,
			);
			path = WeShot;
			sourceTree = "<group>";
		};
		FDC6B3BB1E0068A100250AD5 /* Supporting Files */ = {
			isa = PBXGroup;
			children = (
				FDC6B3C91E0068A100250AD5 /* LaunchScreen.storyboard */,
				FDC6B3CC1E0068A100250AD5 /* Info.plist */,
				FDC6B3BC1E0068A100250AD5 /* main.m */,
			);
			name = "Supporting Files";
			sourceTree = "<group>";
		};
		FDC6B3D21E0069B400250AD5 /* Classes */ = {
			isa = PBXGroup;
			children = (
				FDD530A91E03A51900E0DD8D /* AppDelegate */,
				FDD530771E020BA100E0DD8D /* Tools (bussiness Logic) */,
				FDF5679B1E0697370086D187 /* MainWindow */,
				FDF5678A1E0697370086D187 /* Controller */,
				FDF567A01E0697370086D187 /* Model */,
				FDF567B21E0697370086D187 /* View */,
				FDC6B3DD1E0069B400250AD5 /* Others */,
			);
			path = Classes;
			sourceTree = "<group>";
		};
		FDC6B3DD1E0069B400250AD5 /* Others */ = {
			isa = PBXGroup;
			children = (
				FDF567AD1E0697370086D187 /* OAuth */,
				FDC6B3E51E006A4200250AD5 /* Category */,
				FDC6B3FB1E007F9700250AD5 /* PrefixHeader.pch */,
				FDD530891E021D3800E0DD8D /* BLDribbbleAPI.h */,
			);
			path = Others;
			sourceTree = "<group>";
		};
		FDC6B3E51E006A4200250AD5 /* Category */ = {
			isa = PBXGroup;
			children = (
				FDC6B3FC1E00835900250AD5 /* UIView+BLExtension.h */,
				FDC6B3FD1E00835900250AD5 /* UIView+BLExtension.m */,
				FDC6B4021E00977E00250AD5 /* UIBarButtonItem+BLExtension.h */,
				FDC6B4031E00977E00250AD5 /* UIBarButtonItem+BLExtension.m */,
				FDD530991E02F3BC00E0DD8D /* NSString+BLExtension.h */,
				FDD5309A1E02F3BC00E0DD8D /* NSString+BLExtension.m */,
			);
			name = Category;
			path = Extension;
			sourceTree = "<group>";
		};
		FDD530771E020BA100E0DD8D /* Tools (bussiness Logic) */ = {
			isa = PBXGroup;
			children = (
				FDD530781E020C2A00E0DD8D /* HttpTool */,
				FDD530B51E03C27A00E0DD8D /* Account */,
				FDD5307C1E020F3900E0DD8D /* Shots */,
			);
			name = "Tools (bussiness Logic)";
			path = Tools;
			sourceTree = "<group>";
		};
		FDD530781E020C2A00E0DD8D /* HttpTool */ = {
			isa = PBXGroup;
			children = (
				FDD530791E020C5F00E0DD8D /* BLHttpTool.h */,
				FDD5307A1E020C5F00E0DD8D /* BLHttpTool.m */,
			);
			name = HttpTool;
			path = HTTP;
			sourceTree = "<group>";
		};
		FDD5307C1E020F3900E0DD8D /* Shots */ = {
			isa = PBXGroup;
			children = (
				FDD5308A1E0233B600E0DD8D /* BLShotsParams.h */,
				FDD5308B1E0233B600E0DD8D /* BLShotsParams.m */,
				FDD530831E02122B00E0DD8D /* BLShotsTool.h */,
				FDD530841E02122B00E0DD8D /* BLShotsTool.m */,
			);
			path = Shots;
			sourceTree = "<group>";
		};
		FDD530A91E03A51900E0DD8D /* AppDelegate */ = {
			isa = PBXGroup;
			children = (
				FDD530AA1E03A53800E0DD8D /* AppDelegate.h */,
				FDD530AB1E03A53800E0DD8D /* AppDelegate.m */,
			);
			path = AppDelegate;
			sourceTree = "<group>";
		};
		FDD530B51E03C27A00E0DD8D /* Account */ = {
			isa = PBXGroup;
			children = (
				FDD530B61E03C28700E0DD8D /* BLAcountTool.h */,
				FDD530B71E03C28700E0DD8D /* BLAcountTool.m */,
			);
			path = Account;
			sourceTree = "<group>";
		};
		FDF5678A1E0697370086D187 /* Controller */ = {
			isa = PBXGroup;
			children = (
				FDF567931E0697370086D187 /* Home */,
				FDF5678E1E0697370086D187 /* Explore */,
				FDF567981E0697370086D187 /* Profile */,
				FDF567F51E0698310086D187 /* Login */,
				FDF5678B1E0697370086D187 /* Detail */,
			);
			path = Controller;
			sourceTree = "<group>";
		};
		FDF5678B1E0697370086D187 /* Detail */ = {
			isa = PBXGroup;
			children = (
				FDF5678C1E0697370086D187 /* BLShotDetailTableViewController.h */,
				FDF5678D1E0697370086D187 /* BLShotDetailTableViewController.m */,
			);
			path = Detail;
			sourceTree = "<group>";
		};
		FDF5678E1E0697370086D187 /* Explore */ = {
			isa = PBXGroup;
			children = (
				FDF5678F1E0697370086D187 /* BLExploreViewController.h */,
				FDF567901E0697370086D187 /* BLExploreViewController.m */,
				FDF567911E0697370086D187 /* BLGridViewController.h */,
				FDF567921E0697370086D187 /* BLGridViewController.m */,
			);
			path = Explore;
			sourceTree = "<group>";
		};
		FDF567931E0697370086D187 /* Home */ = {
			isa = PBXGroup;
			children = (
				FDF567941E0697370086D187 /* BLFlowViewController.h */,
				FDF567951E0697370086D187 /* BLFlowViewController.m */,
				FDF567961E0697370086D187 /* BLHomeViewController.h */,
				FDF567971E0697370086D187 /* BLHomeViewController.m */,
			);
			path = Home;
			sourceTree = "<group>";
		};
		FDF567981E0697370086D187 /* Profile */ = {
			isa = PBXGroup;
			children = (
				FDF567991E0697370086D187 /* BLProfileViewController.h */,
				FDF5679A1E0697370086D187 /* BLProfileViewController.m */,
			);
			path = Profile;
			sourceTree = "<group>";
		};
		FDF5679B1E0697370086D187 /* MainWindow */ = {
			isa = PBXGroup;
			children = (
				FDF5679C1E0697370086D187 /* BLMainTabBarController.h */,
				FDF5679D1E0697370086D187 /* BLMainTabBarController.m */,
				FDF5679E1E0697370086D187 /* BLNavigationController.h */,
				FDF5679F1E0697370086D187 /* BLNavigationController.m */,
			);
			path = MainWindow;
			sourceTree = "<group>";
		};
		FDF567A01E0697370086D187 /* Model */ = {
			isa = PBXGroup;
			children = (
				FDF567A11E0697370086D187 /* BLLikeShot.h */,
				FDF567A21E0697370086D187 /* BLLikeShot.m */,
				FDF567A31E0697370086D187 /* BLOAuthorParam.h */,
				FDF567A41E0697370086D187 /* BLOAuthorParam.m */,
				FDF567A51E0697370086D187 /* BLShot.h */,
				FDF567A61E0697370086D187 /* BLShot.m */,
				FDF567A71E0697370086D187 /* BLShotComment.h */,
				FDF567A81E0697370086D187 /* BLShotComment.m */,
				FDF567A91E0697370086D187 /* BLShotPicture.h */,
				FDF567AA1E0697370086D187 /* BLShotPicture.m */,
				FDF567AB1E0697370086D187 /* BLUser.h */,
				FDF567AC1E0697370086D187 /* BLUser.m */,
			);
			path = Model;
			sourceTree = "<group>";
		};
		FDF567AD1E0697370086D187 /* OAuth */ = {
			isa = PBXGroup;
			children = (
				FDF567B01E0697370086D187 /* BLOAuthViewController.h */,
				FDF567B11E0697370086D187 /* BLOAuthViewController.m */,
			);
			name = OAuth;
			path = ../OAuth;
			sourceTree = "<group>";
		};
		FDF567B21E0697370086D187 /* View */ = {
			isa = PBXGroup;
			children = (
				FDF567B31E0697370086D187 /* Detail */,
				FDF567C01E0697370086D187 /* Explore */,
				FDF567C41E0697370086D187 /* Home */,
				FDF567CA1E0697370086D187 /* Login */,
				FDF567CC1E0697370086D187 /* Profile */,
			);
			path = View;
			sourceTree = "<group>";
		};
		FDF567B31E0697370086D187 /* Detail */ = {
			isa = PBXGroup;
			children = (
				FDF567B41E0697370086D187 /* BLDetailCommentCell.h */,
				FDF567B51E0697370086D187 /* BLDetailCommentCell.m */,
				FDF567B61E0697370086D187 /* BLDetailCommentCell.xib */,
				FDF567B71E0697370086D187 /* BLDetailContentCell.h */,
				FDF567B81E0697370086D187 /* BLDetailContentCell.m */,
				FDF567B91E0697370086D187 /* BLDetailContentCell.xib */,
				FDF567BA1E0697370086D187 /* BLDetailHeaderView.h */,
				FDF567BB1E0697370086D187 /* BLDetailHeaderView.m */,
				FDF567BC1E0697370086D187 /* BLDetailHeaderView.xib */,
				FDF567BD1E0697370086D187 /* BLDetailNoCommentCell.h */,
				FDF567BE1E0697370086D187 /* BLDetailNoCommentCell.m */,
				FDF567BF1E0697370086D187 /* BLDetailNoCommentCell.xib */,
			);
			path = Detail;
			sourceTree = "<group>";
		};
		FDF567C01E0697370086D187 /* Explore */ = {
			isa = PBXGroup;
			children = (
				FDF567C11E0697370086D187 /* BLGridCollectionViewCell.h */,
				FDF567C21E0697370086D187 /* BLGridCollectionViewCell.m */,
				FDF567C31E0697370086D187 /* BLGridCollectionViewCell.xib */,
			);
			path = Explore;
			sourceTree = "<group>";
		};
		FDF567C41E0697370086D187 /* Home */ = {
			isa = PBXGroup;
			children = (
				FDF567C51E0697370086D187 /* BLFlowCollectionViewCell.h */,
				FDF567C61E0697370086D187 /* BLFlowCollectionViewCell.m */,
				FDF567C71E0697370086D187 /* BLFlowCollectionViewCell.xib */,
				FDF567C81E0697370086D187 /* BLWaterFlowLayout.h */,
				FDF567C91E0697370086D187 /* BLWaterFlowLayout.m */,
			);
			path = Home;
			sourceTree = "<group>";
		};
		FDF567CA1E0697370086D187 /* Login */ = {
			isa = PBXGroup;
			children = (
				FDF567CB1E0697370086D187 /* BLLoginViewController.xib */,
			);
			path = Login;
			sourceTree = "<group>";
		};
		FDF567CC1E0697370086D187 /* Profile */ = {
			isa = PBXGroup;
			children = (
				FDF567CD1E0697370086D187 /* BLCollectionReusableView.h */,
				FDF567CE1E0697370086D187 /* BLCollectionReusableView.m */,
				FDF567CF1E0697370086D187 /* BLCollectionReusableView.xib */,
				FDF567D01E0697370086D187 /* BLProfileHeaderCell.h */,
				FDF567D11E0697370086D187 /* BLProfileHeaderCell.m */,
				FDF567D21E0697370086D187 /* BLProfileHeaderCell.xib */,
			);
			path = Profile;
			sourceTree = "<group>";
		};
		FDF567F51E0698310086D187 /* Login */ = {
			isa = PBXGroup;
			children = (
				FDF567F61E0698310086D187 /* BLLoginViewController.h */,
				FDF567F71E0698310086D187 /* BLLoginViewController.m */,
			);
			path = Login;
			sourceTree = "<group>";
		};
/* End PBXGroup section */

/* Begin PBXNativeTarget section */
		FDC6B3B71E0068A100250AD5 /* WeShot */ = {
			isa = PBXNativeTarget;
			buildConfigurationList = FDC6B3CF1E0068A100250AD5 /* Build configuration list for PBXNativeTarget "WeShot" */;
			buildPhases = (
				449A20CDD4C301E79BFA8C31 /* [CP] Check Pods Manifest.lock */,
				FDC6B3B41E0068A100250AD5 /* Sources */,
				FDC6B3B51E0068A100250AD5 /* Frameworks */,
				FDC6B3B61E0068A100250AD5 /* Resources */,
				27100D63466601AA0A6325D2 /* [CP] Embed Pods Frameworks */,
				9CC710F1A3C619275ACF641F /* [CP] Copy Pods Resources */,
			);
			buildRules = (
			);
			dependencies = (
			);
			name = WeShot;
			productName = WeShot;
			productReference = FDC6B3B81E0068A100250AD5 /* WeShot.app */;
			productType = "com.apple.product-type.application";
		};
/* End PBXNativeTarget section */

/* Begin PBXProject section */
		FDC6B3B01E0068A100250AD5 /* Project object */ = {
			isa = PBXProject;
			attributes = {
				CLASSPREFIX = BL;
				LastUpgradeCheck = 0810;
				ORGANIZATIONNAME = "Bo LI";
				TargetAttributes = {
					FDC6B3B71E0068A100250AD5 = {
						CreatedOnToolsVersion = 8.1;
						DevelopmentTeam = LU2EVD6YHG;
						ProvisioningStyle = Automatic;
					};
				};
			};
			buildConfigurationList = FDC6B3B31E0068A100250AD5 /* Build configuration list for PBXProject "WeShot" */;
			compatibilityVersion = "Xcode 3.2";
			developmentRegion = English;
			hasScannedForEncodings = 0;
			knownRegions = (
				en,
				Base,
			);
			mainGroup = FDC6B3AF1E0068A100250AD5;
			productRefGroup = FDC6B3B91E0068A100250AD5 /* Products */;
			projectDirPath = "";
			projectRoot = "";
			targets = (
				FDC6B3B71E0068A100250AD5 /* WeShot */,
			);
		};
/* End PBXProject section */

/* Begin PBXResourcesBuildPhase section */
		FDC6B3B61E0068A100250AD5 /* Resources */ = {
			isa = PBXResourcesBuildPhase;
			buildActionMask = 2147483647;
			files = (
				FDF567F01E0697370086D187 /* BLLoginViewController.xib in Resources */,
				FDF567E61E0697370086D187 /* BLDetailContentCell.xib in Resources */,
				FDF567E81E0697370086D187 /* BLDetailHeaderView.xib in Resources */,
				FDF567EE1E0697370086D187 /* BLFlowCollectionViewCell.xib in Resources */,
				FDF567F41E0697370086D187 /* BLProfileHeaderCell.xib in Resources */,
				FDF567EC1E0697370086D187 /* BLGridCollectionViewCell.xib in Resources */,
				FDF567F21E0697370086D187 /* BLCollectionReusableView.xib in Resources */,
				FDF567E41E0697370086D187 /* BLDetailCommentCell.xib in Resources */,
				FDF567EA1E0697370086D187 /* BLDetailNoCommentCell.xib in Resources */,
				FDC6B3CB1E0068A100250AD5 /* LaunchScreen.storyboard in Resources */,
				FDC6B3C81E0068A100250AD5 /* Assets.xcassets in Resources */,
			);
			runOnlyForDeploymentPostprocessing = 0;
		};
/* End PBXResourcesBuildPhase section */

/* Begin PBXShellScriptBuildPhase section */
		27100D63466601AA0A6325D2 /* [CP] Embed Pods Frameworks */ = {
			isa = PBXShellScriptBuildPhase;
			buildActionMask = 2147483647;
			files = (
			);
			inputPaths = (
			);
			name = "[CP] Embed Pods Frameworks";
			outputPaths = (
			);
			runOnlyForDeploymentPostprocessing = 0;
			shellPath = /bin/sh;
			shellScript = "\"${SRCROOT}/Pods/Target Support Files/Pods-WeShot/Pods-WeShot-frameworks.sh\"\n";
			showEnvVarsInLog = 0;
		};
		449A20CDD4C301E79BFA8C31 /* [CP] Check Pods Manifest.lock */ = {
			isa = PBXShellScriptBuildPhase;
			buildActionMask = 2147483647;
			files = (
			);
			inputPaths = (
			);
			name = "[CP] Check Pods Manifest.lock";
			outputPaths = (
			);
			runOnlyForDeploymentPostprocessing = 0;
			shellPath = /bin/sh;
			shellScript = "diff \"${PODS_ROOT}/../Podfile.lock\" \"${PODS_ROOT}/Manifest.lock\" > /dev/null\nif [[ $? != 0 ]] ; then\n    cat << EOM\nerror: The sandbox is not in sync with the Podfile.lock. Run 'pod install' or update your CocoaPods installation.\nEOM\n    exit 1\nfi\n";
			showEnvVarsInLog = 0;
		};
		9CC710F1A3C619275ACF641F /* [CP] Copy Pods Resources */ = {
			isa = PBXShellScriptBuildPhase;
			buildActionMask = 2147483647;
			files = (
			);
			inputPaths = (
			);
			name = "[CP] Copy Pods Resources";
			outputPaths = (
			);
			runOnlyForDeploymentPostprocessing = 0;
			shellPath = /bin/sh;
			shellScript = "\"${SRCROOT}/Pods/Target Support Files/Pods-WeShot/Pods-WeShot-resources.sh\"\n";
			showEnvVarsInLog = 0;
		};
/* End PBXShellScriptBuildPhase section */

/* Begin PBXSourcesBuildPhase section */
		FDC6B3B41E0068A100250AD5 /* Sources */ = {
			isa = PBXSourcesBuildPhase;
			buildActionMask = 2147483647;
			files = (
				FDF567ED1E0697370086D187 /* BLFlowCollectionViewCell.m in Sources */,
				FDF567E31E0697370086D187 /* BLDetailCommentCell.m in Sources */,
				FDC6B4041E00977E00250AD5 /* UIBarButtonItem+BLExtension.m in Sources */,
				FDF567F31E0697370086D187 /* BLProfileHeaderCell.m in Sources */,
				FDD530B81E03C28700E0DD8D /* BLAcountTool.m in Sources */,
				FDF567D81E0697370086D187 /* BLProfileViewController.m in Sources */,
				FDF567D31E0697370086D187 /* BLShotDetailTableViewController.m in Sources */,
				FDF567DB1E0697370086D187 /* BLLikeShot.m in Sources */,
				FDF567E21E0697370086D187 /* BLOAuthViewController.m in Sources */,
				FDD5309B1E02F3BC00E0DD8D /* NSString+BLExtension.m in Sources */,
				FDF567D51E0697370086D187 /* BLGridViewController.m in Sources */,
				FDF567DC1E0697370086D187 /* BLOAuthorParam.m in Sources */,
				FDF567E91E0697370086D187 /* BLDetailNoCommentCell.m in Sources */,
				FDF567F11E0697370086D187 /* BLCollectionReusableView.m in Sources */,
				FDF567D91E0697370086D187 /* BLMainTabBarController.m in Sources */,
				FDF567E71E0697370086D187 /* BLDetailHeaderView.m in Sources */,
				FDF567DA1E0697370086D187 /* BLNavigationController.m in Sources */,
				FDD530851E02122B00E0DD8D /* BLShotsTool.m in Sources */,
				FDF567D41E0697370086D187 /* BLExploreViewController.m in Sources */,
				FDD5308C1E0233B600E0DD8D /* BLShotsParams.m in Sources */,
				FDF567F81E0698310086D187 /* BLLoginViewController.m in Sources */,
				FDC6B3BD1E0068A100250AD5 /* main.m in Sources */,
				FDF567DF1E0697370086D187 /* BLShotPicture.m in Sources */,
				FDF567EF1E0697370086D187 /* BLWaterFlowLayout.m in Sources */,
				FDD530AC1E03A53800E0DD8D /* AppDelegate.m in Sources */,
				FDF567DD1E0697370086D187 /* BLShot.m in Sources */,
				FDF567D61E0697370086D187 /* BLFlowViewController.m in Sources */,
				FDF567D71E0697370086D187 /* BLHomeViewController.m in Sources */,
				FDF567E01E0697370086D187 /* BLUser.m in Sources */,
				FDC6B3FE1E00835900250AD5 /* UIView+BLExtension.m in Sources */,
				FDF567EB1E0697370086D187 /* BLGridCollectionViewCell.m in Sources */,
				FDD5307B1E020C5F00E0DD8D /* BLHttpTool.m in Sources */,
				FDF567E51E0697370086D187 /* BLDetailContentCell.m in Sources */,
				FDF567DE1E0697370086D187 /* BLShotComment.m in Sources */,
			);
			runOnlyForDeploymentPostprocessing = 0;
		};
/* End PBXSourcesBuildPhase section */

/* Begin PBXVariantGroup section */
		FDC6B3C91E0068A100250AD5 /* LaunchScreen.storyboard */ = {
			isa = PBXVariantGroup;
			children = (
				FDC6B3CA1E0068A100250AD5 /* Base */,
			);
			name = LaunchScreen.storyboard;
			sourceTree = "<group>";
		};
/* End PBXVariantGroup section */

/* Begin XCBuildConfiguration section */
		FDC6B3CD1E0068A100250AD5 /* Debug */ = {
			isa = XCBuildConfiguration;
			buildSettings = {
				ALWAYS_SEARCH_USER_PATHS = NO;
				CLANG_ANALYZER_NONNULL = YES;
				CLANG_CXX_LANGUAGE_STANDARD = "gnu++0x";
				CLANG_CXX_LIBRARY = "libc++";
				CLANG_ENABLE_MODULES = YES;
				CLANG_ENABLE_OBJC_ARC = YES;
				CLANG_WARN_BOOL_CONVERSION = YES;
				CLANG_WARN_CONSTANT_CONVERSION = YES;
				CLANG_WARN_DIRECT_OBJC_ISA_USAGE = YES_ERROR;
				CLANG_WARN_DOCUMENTATION_COMMENTS = YES;
				CLANG_WARN_EMPTY_BODY = YES;
				CLANG_WARN_ENUM_CONVERSION = YES;
				CLANG_WARN_INFINITE_RECURSION = YES;
				CLANG_WARN_INT_CONVERSION = YES;
				CLANG_WARN_OBJC_ROOT_CLASS = YES_ERROR;
				CLANG_WARN_SUSPICIOUS_MOVE = YES;
				CLANG_WARN_SUSPICIOUS_MOVES = YES;
				CLANG_WARN_UNREACHABLE_CODE = YES;
				CLANG_WARN__DUPLICATE_METHOD_MATCH = YES;
				"CODE_SIGN_IDENTITY[sdk=iphoneos*]" = "iPhone Developer";
				COPY_PHASE_STRIP = NO;
				DEBUG_INFORMATION_FORMAT = dwarf;
				ENABLE_STRICT_OBJC_MSGSEND = YES;
				ENABLE_TESTABILITY = YES;
				GCC_C_LANGUAGE_STANDARD = gnu99;
				GCC_DYNAMIC_NO_PIC = NO;
				GCC_NO_COMMON_BLOCKS = YES;
				GCC_OPTIMIZATION_LEVEL = 0;
				GCC_PREPROCESSOR_DEFINITIONS = (
					"DEBUG=1",
					"$(inherited)",
				);
				GCC_WARN_64_TO_32_BIT_CONVERSION = YES;
				GCC_WARN_ABOUT_RETURN_TYPE = YES_ERROR;
				GCC_WARN_UNDECLARED_SELECTOR = YES;
				GCC_WARN_UNINITIALIZED_AUTOS = YES_AGGRESSIVE;
				GCC_WARN_UNUSED_FUNCTION = YES;
				GCC_WARN_UNUSED_VARIABLE = YES;
				IPHONEOS_DEPLOYMENT_TARGET = 10.1;
				MTL_ENABLE_DEBUG_INFO = YES;
				ONLY_ACTIVE_ARCH = YES;
				SDKROOT = iphoneos;
				TARGETED_DEVICE_FAMILY = "1,2";
			};
			name = Debug;
		};
		FDC6B3CE1E0068A100250AD5 /* Release */ = {
			isa = XCBuildConfiguration;
			buildSettings = {
				ALWAYS_SEARCH_USER_PATHS = NO;
				CLANG_ANALYZER_NONNULL = YES;
				CLANG_CXX_LANGUAGE_STANDARD = "gnu++0x";
				CLANG_CXX_LIBRARY = "libc++";
				CLANG_ENABLE_MODULES = YES;
				CLANG_ENABLE_OBJC_ARC = YES;
				CLANG_WARN_BOOL_CONVERSION = YES;
				CLANG_WARN_CONSTANT_CONVERSION = YES;
				CLANG_WARN_DIRECT_OBJC_ISA_USAGE = YES_ERROR;
				CLANG_WARN_DOCUMENTATION_COMMENTS = YES;
				CLANG_WARN_EMPTY_BODY = YES;
				CLANG_WARN_ENUM_CONVERSION = YES;
				CLANG_WARN_INFINITE_RECURSION = YES;
				CLANG_WARN_INT_CONVERSION = YES;
				CLANG_WARN_OBJC_ROOT_CLASS = YES_ERROR;
				CLANG_WARN_SUSPICIOUS_MOVE = YES;
				CLANG_WARN_SUSPICIOUS_MOVES = YES;
				CLANG_WARN_UNREACHABLE_CODE = YES;
				CLANG_WARN__DUPLICATE_METHOD_MATCH = YES;
				"CODE_SIGN_IDENTITY[sdk=iphoneos*]" = "iPhone Developer";
				COPY_PHASE_STRIP = NO;
				DEBUG_INFORMATION_FORMAT = "dwarf-with-dsym";
				ENABLE_NS_ASSERTIONS = NO;
				ENABLE_STRICT_OBJC_MSGSEND = YES;
				GCC_C_LANGUAGE_STANDARD = gnu99;
				GCC_NO_COMMON_BLOCKS = YES;
				GCC_WARN_64_TO_32_BIT_CONVERSION = YES;
				GCC_WARN_ABOUT_RETURN_TYPE = YES_ERROR;
				GCC_WARN_UNDECLARED_SELECTOR = YES;
				GCC_WARN_UNINITIALIZED_AUTOS = YES_AGGRESSIVE;
				GCC_WARN_UNUSED_FUNCTION = YES;
				GCC_WARN_UNUSED_VARIABLE = YES;
				IPHONEOS_DEPLOYMENT_TARGET = 10.1;
				MTL_ENABLE_DEBUG_INFO = NO;
				SDKROOT = iphoneos;
				TARGETED_DEVICE_FAMILY = "1,2";
				VALIDATE_PRODUCT = YES;
			};
			name = Release;
		};
		FDC6B3D01E0068A100250AD5 /* Debug */ = {
			isa = XCBuildConfiguration;
			baseConfigurationReference = AC20ED00F4699213279E0F66 /* Pods-WeShot.debug.xcconfig */;
			buildSettings = {
				ASSETCATALOG_COMPILER_APPICON_NAME = AppIcon;
				DEVELOPMENT_TEAM = LU2EVD6YHG;
				GCC_PRECOMPILE_PREFIX_HEADER = YES;
				GCC_PREFIX_HEADER = WeShot/Classes/Others/PrefixHeader.pch;
				INFOPLIST_FILE = WeShot/Info.plist;
				LD_RUNPATH_SEARCH_PATHS = "$(inherited) @executable_path/Frameworks";
				PRODUCT_BUNDLE_IDENTIFIER = Clemson.WeShot;
				PRODUCT_NAME = "$(TARGET_NAME)";
			};
			name = Debug;
		};
		FDC6B3D11E0068A100250AD5 /* Release */ = {
			isa = XCBuildConfiguration;
			baseConfigurationReference = 90EE0C64C93ECB5A7CAD8F4A /* Pods-WeShot.release.xcconfig */;
			buildSettings = {
				ASSETCATALOG_COMPILER_APPICON_NAME = AppIcon;
				DEVELOPMENT_TEAM = LU2EVD6YHG;
				GCC_PRECOMPILE_PREFIX_HEADER = YES;
				GCC_PREFIX_HEADER = WeShot/Classes/Others/PrefixHeader.pch;
				INFOPLIST_FILE = WeShot/Info.plist;
				LD_RUNPATH_SEARCH_PATHS = "$(inherited) @executable_path/Frameworks";
				PRODUCT_BUNDLE_IDENTIFIER = Clemson.WeShot;
				PRODUCT_NAME = "$(TARGET_NAME)";
			};
			name = Release;
		};
/* End XCBuildConfiguration section */

/* Begin XCConfigurationList section */
		FDC6B3B31E0068A100250AD5 /* Build configuration list for PBXProject "WeShot" */ = {
			isa = XCConfigurationList;
			buildConfigurations = (
				FDC6B3CD1E0068A100250AD5 /* Debug */,
				FDC6B3CE1E0068A100250AD5 /* Release */,
			);
			defaultConfigurationIsVisible = 0;
			defaultConfigurationName = Release;
		};
		FDC6B3CF1E0068A100250AD5 /* Build configuration list for PBXNativeTarget "WeShot" */ = {
			isa = XCConfigurationList;
			buildConfigurations = (
				FDC6B3D01E0068A100250AD5 /* Debug */,
				FDC6B3D11E0068A100250AD5 /* Release */,
			);
			defaultConfigurationIsVisible = 0;
			defaultConfigurationName = Release;
		};
/* End XCConfigurationList section */
	};
	rootObject = FDC6B3B01E0068A100250AD5 /* Project object */;
}
